// !$*UTF8*$!
{
	archiveVersion = 1;
	classes = {
	};
	objectVersion = 56;
	objects = {

/* Begin PBXBuildFile section */
		072AAB40C793EA2C76C19B95 /* Pods_MovieDB.framework in Frameworks */ = {isa = PBXBuildFile; fileRef = 0C57C2D41EE320B0103225DD /* Pods_MovieDB.framework */; };
		382083725B9907E0F3D22E41 /* Pods_MovieDBTests.framework in Frameworks */ = {isa = PBXBuildFile; fileRef = E56ADAB138CE27AC39D52A8E /* Pods_MovieDBTests.framework */; };
		8497EDDBCE8C304E9D7A9648 /* Pods_MovieDB_MovieDBUITests.framework in Frameworks */ = {isa = PBXBuildFile; fileRef = AC55924ED1CDB2983D09F9E6 /* Pods_MovieDB_MovieDBUITests.framework */; };
		F4261EAF2A64210800718138 /* AppDelegate.swift in Sources */ = {isa = PBXBuildFile; fileRef = F4261EAE2A64210800718138 /* AppDelegate.swift */; };
		F4261EB82A64210B00718138 /* Assets.xcassets in Resources */ = {isa = PBXBuildFile; fileRef = F4261EB72A64210B00718138 /* Assets.xcassets */; };
		F4261EBB2A64210C00718138 /* LaunchScreen.storyboard in Resources */ = {isa = PBXBuildFile; fileRef = F4261EB92A64210C00718138 /* LaunchScreen.storyboard */; };
		F4261EC62A64210C00718138 /* MovieDBTests.swift in Sources */ = {isa = PBXBuildFile; fileRef = F4261EC52A64210C00718138 /* MovieDBTests.swift */; };
		F4261ED02A64210C00718138 /* MovieDBUITests.swift in Sources */ = {isa = PBXBuildFile; fileRef = F4261ECF2A64210C00718138 /* MovieDBUITests.swift */; };
		F4261ED22A64210C00718138 /* MovieDBUITestsLaunchTests.swift in Sources */ = {isa = PBXBuildFile; fileRef = F4261ED12A64210C00718138 /* MovieDBUITestsLaunchTests.swift */; };
		F4261EEE2A6425B900718138 /* DetailRouter.swift in Sources */ = {isa = PBXBuildFile; fileRef = F4261EED2A6425B900718138 /* DetailRouter.swift */; };
		F4261EF02A6425C500718138 /* DetailPresenter.swift in Sources */ = {isa = PBXBuildFile; fileRef = F4261EEF2A6425C500718138 /* DetailPresenter.swift */; };
		F4261EF32A6425DC00718138 /* DetailPageViewController.swift in Sources */ = {isa = PBXBuildFile; fileRef = F4261EF12A6425DC00718138 /* DetailPageViewController.swift */; };
		F4261EF42A6425DC00718138 /* DetailPageViewController.xib in Resources */ = {isa = PBXBuildFile; fileRef = F4261EF22A6425DC00718138 /* DetailPageViewController.xib */; };
		F4261EF62A6425F400718138 /* HomeRouter.swift in Sources */ = {isa = PBXBuildFile; fileRef = F4261EF52A6425F400718138 /* HomeRouter.swift */; };
		F4261EF82A6425FC00718138 /* HomePresenter.swift in Sources */ = {isa = PBXBuildFile; fileRef = F4261EF72A6425FC00718138 /* HomePresenter.swift */; };
		F4261EFB2A64262D00718138 /* HomePageViewController.swift in Sources */ = {isa = PBXBuildFile; fileRef = F4261EF92A64262D00718138 /* HomePageViewController.swift */; };
		F4261EFC2A64262D00718138 /* HomePageViewController.xib in Resources */ = {isa = PBXBuildFile; fileRef = F4261EFA2A64262D00718138 /* HomePageViewController.xib */; };
		F4261F032A64277F00718138 /* HomeMapper.swift in Sources */ = {isa = PBXBuildFile; fileRef = F4261F022A64277F00718138 /* HomeMapper.swift */; };
		F4261F072A6427B200718138 /* MovieListModel.swift in Sources */ = {isa = PBXBuildFile; fileRef = F4261F062A6427B200718138 /* MovieListModel.swift */; };
		F4261F092A6427CC00718138 /* HomePageUseCase.swift in Sources */ = {isa = PBXBuildFile; fileRef = F4261F082A6427CC00718138 /* HomePageUseCase.swift */; };
		F4261F0B2A6427DC00718138 /* HomePageInjection.swift in Sources */ = {isa = PBXBuildFile; fileRef = F4261F0A2A6427DC00718138 /* HomePageInjection.swift */; };
		F4261F102A64281000718138 /* MovieListEntity.swift in Sources */ = {isa = PBXBuildFile; fileRef = F4261F0F2A64281000718138 /* MovieListEntity.swift */; };
		F4261F122A64282300718138 /* HomePageDefaultLocalDataSource.swift in Sources */ = {isa = PBXBuildFile; fileRef = F4261F112A64282300718138 /* HomePageDefaultLocalDataSource.swift */; };
		F4261F152A64292400718138 /* MovieListResponse.swift in Sources */ = {isa = PBXBuildFile; fileRef = F4261F142A64292400718138 /* MovieListResponse.swift */; };
		F4261F172A64293600718138 /* HomePageDefaultRemoteDataSource.swift in Sources */ = {isa = PBXBuildFile; fileRef = F4261F162A64293600718138 /* HomePageDefaultRemoteDataSource.swift */; };
		F4261F192A64294B00718138 /* HomePageRepository.swift in Sources */ = {isa = PBXBuildFile; fileRef = F4261F182A64294B00718138 /* HomePageRepository.swift */; };
		F4261F1D2A64299400718138 /* DetailMapper.swift in Sources */ = {isa = PBXBuildFile; fileRef = F4261F1C2A64299400718138 /* DetailMapper.swift */; };
		F4261F242A642A0500718138 /* DetailPageInjection.swift in Sources */ = {isa = PBXBuildFile; fileRef = F4261F232A642A0500718138 /* DetailPageInjection.swift */; };
		F4261F262A642A3A00718138 /* DetailPageUseCase.swift in Sources */ = {isa = PBXBuildFile; fileRef = F4261F252A642A3A00718138 /* DetailPageUseCase.swift */; };
		F4261F282A642A4700718138 /* DetailMovieModel.swift in Sources */ = {isa = PBXBuildFile; fileRef = F4261F272A642A4700718138 /* DetailMovieModel.swift */; };
		F4261F2C2A642A7600718138 /* DetailPageRepository.swift in Sources */ = {isa = PBXBuildFile; fileRef = F4261F2B2A642A7600718138 /* DetailPageRepository.swift */; };
		F4261F2F2A642A8800718138 /* DetailMovieEntity.swift in Sources */ = {isa = PBXBuildFile; fileRef = F4261F2E2A642A8800718138 /* DetailMovieEntity.swift */; };
		F4261F312A642A9E00718138 /* DetailPageDefaultLocalDataSource.swift in Sources */ = {isa = PBXBuildFile; fileRef = F4261F302A642A9E00718138 /* DetailPageDefaultLocalDataSource.swift */; };
		F4261F342A642AAF00718138 /* DetailMovieResponse.swift in Sources */ = {isa = PBXBuildFile; fileRef = F4261F332A642AAF00718138 /* DetailMovieResponse.swift */; };
		F4261F362A642ACB00718138 /* DetailPageDefaultRemoteDataSource.swift in Sources */ = {isa = PBXBuildFile; fileRef = F4261F352A642ACB00718138 /* DetailPageDefaultRemoteDataSource.swift */; };
		F4261F3A2A6430E400718138 /* MovieTableViewCell.swift in Sources */ = {isa = PBXBuildFile; fileRef = F4261F382A6430E400718138 /* MovieTableViewCell.swift */; };
		F4261F3B2A6430E400718138 /* MovieTableViewCell.xib in Resources */ = {isa = PBXBuildFile; fileRef = F4261F392A6430E400718138 /* MovieTableViewCell.xib */; };
		F4261F402A6431A500718138 /* CardMovieCollectionViewCell.swift in Sources */ = {isa = PBXBuildFile; fileRef = F4261F3E2A6431A500718138 /* CardMovieCollectionViewCell.swift */; };
		F4261F412A6431A500718138 /* CardMovieCollectionViewCell.xib in Resources */ = {isa = PBXBuildFile; fileRef = F4261F3F2A6431A500718138 /* CardMovieCollectionViewCell.xib */; };
/* End PBXBuildFile section */

/* Begin PBXContainerItemProxy section */
		F4261EC22A64210C00718138 /* PBXContainerItemProxy */ = {
			isa = PBXContainerItemProxy;
			containerPortal = F4261EA32A64210800718138 /* Project object */;
			proxyType = 1;
			remoteGlobalIDString = F4261EAA2A64210800718138;
			remoteInfo = MovieDB;
		};
		F4261ECC2A64210C00718138 /* PBXContainerItemProxy */ = {
			isa = PBXContainerItemProxy;
			containerPortal = F4261EA32A64210800718138 /* Project object */;
			proxyType = 1;
			remoteGlobalIDString = F4261EAA2A64210800718138;
			remoteInfo = MovieDB;
		};
/* End PBXContainerItemProxy section */

/* Begin PBXFileReference section */
		0C57C2D41EE320B0103225DD /* Pods_MovieDB.framework */ = {isa = PBXFileReference; explicitFileType = wrapper.framework; includeInIndex = 0; path = Pods_MovieDB.framework; sourceTree = BUILT_PRODUCTS_DIR; };
		62355C4373DA1CB2399FE774 /* Pods-MovieDBTests.release.xcconfig */ = {isa = PBXFileReference; includeInIndex = 1; lastKnownFileType = text.xcconfig; name = "Pods-MovieDBTests.release.xcconfig"; path = "Target Support Files/Pods-MovieDBTests/Pods-MovieDBTests.release.xcconfig"; sourceTree = "<group>"; };
		6B635323DD4C930DEEA09D3B /* Pods-MovieDB.debug.xcconfig */ = {isa = PBXFileReference; includeInIndex = 1; lastKnownFileType = text.xcconfig; name = "Pods-MovieDB.debug.xcconfig"; path = "Target Support Files/Pods-MovieDB/Pods-MovieDB.debug.xcconfig"; sourceTree = "<group>"; };
		80D1705DE7670634CF1DBD38 /* Pods-MovieDBTests.debug.xcconfig */ = {isa = PBXFileReference; includeInIndex = 1; lastKnownFileType = text.xcconfig; name = "Pods-MovieDBTests.debug.xcconfig"; path = "Target Support Files/Pods-MovieDBTests/Pods-MovieDBTests.debug.xcconfig"; sourceTree = "<group>"; };
		985A91BA6B65AEF52227A288 /* Pods-MovieDB.release.xcconfig */ = {isa = PBXFileReference; includeInIndex = 1; lastKnownFileType = text.xcconfig; name = "Pods-MovieDB.release.xcconfig"; path = "Target Support Files/Pods-MovieDB/Pods-MovieDB.release.xcconfig"; sourceTree = "<group>"; };
		A11E403E72121759FCF845FA /* Pods-MovieDB-MovieDBUITests.debug.xcconfig */ = {isa = PBXFileReference; includeInIndex = 1; lastKnownFileType = text.xcconfig; name = "Pods-MovieDB-MovieDBUITests.debug.xcconfig"; path = "Target Support Files/Pods-MovieDB-MovieDBUITests/Pods-MovieDB-MovieDBUITests.debug.xcconfig"; sourceTree = "<group>"; };
		AC55924ED1CDB2983D09F9E6 /* Pods_MovieDB_MovieDBUITests.framework */ = {isa = PBXFileReference; explicitFileType = wrapper.framework; includeInIndex = 0; path = Pods_MovieDB_MovieDBUITests.framework; sourceTree = BUILT_PRODUCTS_DIR; };
		E56ADAB138CE27AC39D52A8E /* Pods_MovieDBTests.framework */ = {isa = PBXFileReference; explicitFileType = wrapper.framework; includeInIndex = 0; path = Pods_MovieDBTests.framework; sourceTree = BUILT_PRODUCTS_DIR; };
		F4261EAB2A64210800718138 /* MovieDB.app */ = {isa = PBXFileReference; explicitFileType = wrapper.application; includeInIndex = 0; path = MovieDB.app; sourceTree = BUILT_PRODUCTS_DIR; };
		F4261EAE2A64210800718138 /* AppDelegate.swift */ = {isa = PBXFileReference; lastKnownFileType = sourcecode.swift; path = AppDelegate.swift; sourceTree = "<group>"; };
		F4261EB72A64210B00718138 /* Assets.xcassets */ = {isa = PBXFileReference; lastKnownFileType = folder.assetcatalog; path = Assets.xcassets; sourceTree = "<group>"; };
		F4261EBA2A64210C00718138 /* Base */ = {isa = PBXFileReference; lastKnownFileType = file.storyboard; name = Base; path = Base.lproj/LaunchScreen.storyboard; sourceTree = "<group>"; };
		F4261EBC2A64210C00718138 /* Info.plist */ = {isa = PBXFileReference; lastKnownFileType = text.plist.xml; path = Info.plist; sourceTree = "<group>"; };
		F4261EC12A64210C00718138 /* MovieDBTests.xctest */ = {isa = PBXFileReference; explicitFileType = wrapper.cfbundle; includeInIndex = 0; path = MovieDBTests.xctest; sourceTree = BUILT_PRODUCTS_DIR; };
		F4261EC52A64210C00718138 /* MovieDBTests.swift */ = {isa = PBXFileReference; lastKnownFileType = sourcecode.swift; path = MovieDBTests.swift; sourceTree = "<group>"; };
		F4261ECB2A64210C00718138 /* MovieDBUITests.xctest */ = {isa = PBXFileReference; explicitFileType = wrapper.cfbundle; includeInIndex = 0; path = MovieDBUITests.xctest; sourceTree = BUILT_PRODUCTS_DIR; };
		F4261ECF2A64210C00718138 /* MovieDBUITests.swift */ = {isa = PBXFileReference; lastKnownFileType = sourcecode.swift; path = MovieDBUITests.swift; sourceTree = "<group>"; };
		F4261ED12A64210C00718138 /* MovieDBUITestsLaunchTests.swift */ = {isa = PBXFileReference; lastKnownFileType = sourcecode.swift; path = MovieDBUITestsLaunchTests.swift; sourceTree = "<group>"; };
		F4261EED2A6425B900718138 /* DetailRouter.swift */ = {isa = PBXFileReference; lastKnownFileType = sourcecode.swift; path = DetailRouter.swift; sourceTree = "<group>"; };
		F4261EEF2A6425C500718138 /* DetailPresenter.swift */ = {isa = PBXFileReference; lastKnownFileType = sourcecode.swift; path = DetailPresenter.swift; sourceTree = "<group>"; };
		F4261EF12A6425DC00718138 /* DetailPageViewController.swift */ = {isa = PBXFileReference; lastKnownFileType = sourcecode.swift; path = DetailPageViewController.swift; sourceTree = "<group>"; };
		F4261EF22A6425DC00718138 /* DetailPageViewController.xib */ = {isa = PBXFileReference; lastKnownFileType = file.xib; path = DetailPageViewController.xib; sourceTree = "<group>"; };
		F4261EF52A6425F400718138 /* HomeRouter.swift */ = {isa = PBXFileReference; lastKnownFileType = sourcecode.swift; path = HomeRouter.swift; sourceTree = "<group>"; };
		F4261EF72A6425FC00718138 /* HomePresenter.swift */ = {isa = PBXFileReference; lastKnownFileType = sourcecode.swift; path = HomePresenter.swift; sourceTree = "<group>"; };
		F4261EF92A64262D00718138 /* HomePageViewController.swift */ = {isa = PBXFileReference; lastKnownFileType = sourcecode.swift; path = HomePageViewController.swift; sourceTree = "<group>"; };
		F4261EFA2A64262D00718138 /* HomePageViewController.xib */ = {isa = PBXFileReference; lastKnownFileType = file.xib; path = HomePageViewController.xib; sourceTree = "<group>"; };
		F4261F022A64277F00718138 /* HomeMapper.swift */ = {isa = PBXFileReference; lastKnownFileType = sourcecode.swift; path = HomeMapper.swift; sourceTree = "<group>"; };
		F4261F062A6427B200718138 /* MovieListModel.swift */ = {isa = PBXFileReference; lastKnownFileType = sourcecode.swift; path = MovieListModel.swift; sourceTree = "<group>"; };
		F4261F082A6427CC00718138 /* HomePageUseCase.swift */ = {isa = PBXFileReference; lastKnownFileType = sourcecode.swift; path = HomePageUseCase.swift; sourceTree = "<group>"; };
		F4261F0A2A6427DC00718138 /* HomePageInjection.swift */ = {isa = PBXFileReference; lastKnownFileType = sourcecode.swift; path = HomePageInjection.swift; sourceTree = "<group>"; };
		F4261F0F2A64281000718138 /* MovieListEntity.swift */ = {isa = PBXFileReference; lastKnownFileType = sourcecode.swift; path = MovieListEntity.swift; sourceTree = "<group>"; };
		F4261F112A64282300718138 /* HomePageDefaultLocalDataSource.swift */ = {isa = PBXFileReference; lastKnownFileType = sourcecode.swift; path = HomePageDefaultLocalDataSource.swift; sourceTree = "<group>"; };
		F4261F142A64292400718138 /* MovieListResponse.swift */ = {isa = PBXFileReference; lastKnownFileType = sourcecode.swift; path = MovieListResponse.swift; sourceTree = "<group>"; };
		F4261F162A64293600718138 /* HomePageDefaultRemoteDataSource.swift */ = {isa = PBXFileReference; lastKnownFileType = sourcecode.swift; path = HomePageDefaultRemoteDataSource.swift; sourceTree = "<group>"; };
		F4261F182A64294B00718138 /* HomePageRepository.swift */ = {isa = PBXFileReference; lastKnownFileType = sourcecode.swift; path = HomePageRepository.swift; sourceTree = "<group>"; };
		F4261F1C2A64299400718138 /* DetailMapper.swift */ = {isa = PBXFileReference; lastKnownFileType = sourcecode.swift; path = DetailMapper.swift; sourceTree = "<group>"; };
		F4261F232A642A0500718138 /* DetailPageInjection.swift */ = {isa = PBXFileReference; lastKnownFileType = sourcecode.swift; path = DetailPageInjection.swift; sourceTree = "<group>"; };
		F4261F252A642A3A00718138 /* DetailPageUseCase.swift */ = {isa = PBXFileReference; lastKnownFileType = sourcecode.swift; path = DetailPageUseCase.swift; sourceTree = "<group>"; };
		F4261F272A642A4700718138 /* DetailMovieModel.swift */ = {isa = PBXFileReference; lastKnownFileType = sourcecode.swift; path = DetailMovieModel.swift; sourceTree = "<group>"; };
		F4261F2B2A642A7600718138 /* DetailPageRepository.swift */ = {isa = PBXFileReference; lastKnownFileType = sourcecode.swift; path = DetailPageRepository.swift; sourceTree = "<group>"; };
		F4261F2E2A642A8800718138 /* DetailMovieEntity.swift */ = {isa = PBXFileReference; lastKnownFileType = sourcecode.swift; path = DetailMovieEntity.swift; sourceTree = "<group>"; };
		F4261F302A642A9E00718138 /* DetailPageDefaultLocalDataSource.swift */ = {isa = PBXFileReference; lastKnownFileType = sourcecode.swift; path = DetailPageDefaultLocalDataSource.swift; sourceTree = "<group>"; };
		F4261F332A642AAF00718138 /* DetailMovieResponse.swift */ = {isa = PBXFileReference; lastKnownFileType = sourcecode.swift; path = DetailMovieResponse.swift; sourceTree = "<group>"; };
		F4261F352A642ACB00718138 /* DetailPageDefaultRemoteDataSource.swift */ = {isa = PBXFileReference; lastKnownFileType = sourcecode.swift; path = DetailPageDefaultRemoteDataSource.swift; sourceTree = "<group>"; };
		F4A4D4199A88B5F36FF43AF3 /* Pods-MovieDB-MovieDBUITests.release.xcconfig */ = {isa = PBXFileReference; includeInIndex = 1; lastKnownFileType = text.xcconfig; name = "Pods-MovieDB-MovieDBUITests.release.xcconfig"; path = "Target Support Files/Pods-MovieDB-MovieDBUITests/Pods-MovieDB-MovieDBUITests.release.xcconfig"; sourceTree = "<group>"; };
		F4261F382A6430E400718138 /* MovieTableViewCell.swift */ = {isa = PBXFileReference; lastKnownFileType = sourcecode.swift; path = MovieTableViewCell.swift; sourceTree = "<group>"; };
		F4261F392A6430E400718138 /* MovieTableViewCell.xib */ = {isa = PBXFileReference; lastKnownFileType = file.xib; path = MovieTableViewCell.xib; sourceTree = "<group>"; };
		F4261F3E2A6431A500718138 /* CardMovieCollectionViewCell.swift */ = {isa = PBXFileReference; lastKnownFileType = sourcecode.swift; path = CardMovieCollectionViewCell.swift; sourceTree = "<group>"; };
		F4261F3F2A6431A500718138 /* CardMovieCollectionViewCell.xib */ = {isa = PBXFileReference; lastKnownFileType = file.xib; path = CardMovieCollectionViewCell.xib; sourceTree = "<group>"; };
/* End PBXFileReference section */

/* Begin PBXFrameworksBuildPhase section */
		F4261EA82A64210800718138 /* Frameworks */ = {
			isa = PBXFrameworksBuildPhase;
			buildActionMask = 2147483647;
			files = (
				072AAB40C793EA2C76C19B95 /* Pods_MovieDB.framework in Frameworks */,
			);
			runOnlyForDeploymentPostprocessing = 0;
		};
		F4261EBE2A64210C00718138 /* Frameworks */ = {
			isa = PBXFrameworksBuildPhase;
			buildActionMask = 2147483647;
			files = (
				382083725B9907E0F3D22E41 /* Pods_MovieDBTests.framework in Frameworks */,
			);
			runOnlyForDeploymentPostprocessing = 0;
		};
		F4261EC82A64210C00718138 /* Frameworks */ = {
			isa = PBXFrameworksBuildPhase;
			buildActionMask = 2147483647;
			files = (
				8497EDDBCE8C304E9D7A9648 /* Pods_MovieDB_MovieDBUITests.framework in Frameworks */,
			);
			runOnlyForDeploymentPostprocessing = 0;
		};
/* End PBXFrameworksBuildPhase section */

/* Begin PBXGroup section */
		A59FFA0A01BCB80A26F456BC /* Pods */ = {
			isa = PBXGroup;
			children = (
				6B635323DD4C930DEEA09D3B /* Pods-MovieDB.debug.xcconfig */,
				985A91BA6B65AEF52227A288 /* Pods-MovieDB.release.xcconfig */,
				A11E403E72121759FCF845FA /* Pods-MovieDB-MovieDBUITests.debug.xcconfig */,
				F4A4D4199A88B5F36FF43AF3 /* Pods-MovieDB-MovieDBUITests.release.xcconfig */,
				80D1705DE7670634CF1DBD38 /* Pods-MovieDBTests.debug.xcconfig */,
				62355C4373DA1CB2399FE774 /* Pods-MovieDBTests.release.xcconfig */,
			);
			name = Pods;
			path = Pods;
			sourceTree = "<group>";
		};
		F4261EA22A64210800718138 = {
			isa = PBXGroup;
			children = (
				F4261EAD2A64210800718138 /* MovieDB */,
				F4261EC42A64210C00718138 /* MovieDBTests */,
				F4261ECE2A64210C00718138 /* MovieDBUITests */,
				F4261EAC2A64210800718138 /* Products */,
				A59FFA0A01BCB80A26F456BC /* Pods */,
				FB61B92F53CACF45D00FD74E /* Frameworks */,
			);
			sourceTree = "<group>";
		};
		F4261EAC2A64210800718138 /* Products */ = {
			isa = PBXGroup;
			children = (
				F4261EAB2A64210800718138 /* MovieDB.app */,
				F4261EC12A64210C00718138 /* MovieDBTests.xctest */,
				F4261ECB2A64210C00718138 /* MovieDBUITests.xctest */,
			);
			name = Products;
			sourceTree = "<group>";
		};
		F4261EAD2A64210800718138 /* MovieDB */ = {
			isa = PBXGroup;
			children = (
				F4261EDF2A64240D00718138 /* App */,
				F4261EE02A64252C00718138 /* Module */,
				F4261EDE2A6423FF00718138 /* Supporting Files */,
			);
			path = MovieDB;
			sourceTree = "<group>";
		};
		F4261EC42A64210C00718138 /* MovieDBTests */ = {
			isa = PBXGroup;
			children = (
				F4261EC52A64210C00718138 /* MovieDBTests.swift */,
			);
			path = MovieDBTests;
			sourceTree = "<group>";
		};
		F4261ECE2A64210C00718138 /* MovieDBUITests */ = {
			isa = PBXGroup;
			children = (
				F4261ECF2A64210C00718138 /* MovieDBUITests.swift */,
				F4261ED12A64210C00718138 /* MovieDBUITestsLaunchTests.swift */,
			);
			path = MovieDBUITests;
			sourceTree = "<group>";
		};
		F4261EDE2A6423FF00718138 /* Supporting Files */ = {
			isa = PBXGroup;
			children = (
				F4261EB72A64210B00718138 /* Assets.xcassets */,
				F4261EB92A64210C00718138 /* LaunchScreen.storyboard */,
				F4261EBC2A64210C00718138 /* Info.plist */,
			);
			path = "Supporting Files";
			sourceTree = "<group>";
		};
		F4261EDF2A64240D00718138 /* App */ = {
			isa = PBXGroup;
			children = (
				F4261EAE2A64210800718138 /* AppDelegate.swift */,
			);
			path = App;
			sourceTree = "<group>";
		};
		F4261EE02A64252C00718138 /* Module */ = {
			isa = PBXGroup;
			children = (
				F4261EE12A64253600718138 /* Home */,
				F4261EE22A64253A00718138 /* Detail */,
			);
			path = Module;
			sourceTree = "<group>";
		};
		F4261EE12A64253600718138 /* Home */ = {
			isa = PBXGroup;
			children = (
				F4261EE42A64255800718138 /* Core */,
				F4261EE32A64255200718138 /* Presentation */,
			);
			path = Home;
			sourceTree = "<group>";
		};
		F4261EE22A64253A00718138 /* Detail */ = {
			isa = PBXGroup;
			children = (
				F4261EE62A64257000718138 /* Core */,
				F4261EE52A64256700718138 /* Presentation */,
			);
			path = Detail;
			sourceTree = "<group>";
		};
		F4261EE32A64255200718138 /* Presentation */ = {
			isa = PBXGroup;
			children = (
				F4261EE92A64258500718138 /* View */,
				F4261EE82A64257B00718138 /* Presenter */,
				F4261EE72A64257600718138 /* Router */,
			);
			path = Presentation;
			sourceTree = "<group>";
		};
		F4261EE42A64255800718138 /* Core */ = {
			isa = PBXGroup;
			children = (
				F4261F002A6426DA00718138 /* Data */,
				F4261EFF2A6426CD00718138 /* Dependency Injection */,
				F4261EFE2A6426C400718138 /* Domain */,
				F4261EFD2A64268300718138 /* Utils */,
			);
			path = Core;
			sourceTree = "<group>";
		};
		F4261EE52A64256700718138 /* Presentation */ = {
			isa = PBXGroup;
			children = (
				F4261EEC2A6425A800718138 /* View */,
				F4261EEB2A64259100718138 /* Presenter */,
				F4261EEA2A64258A00718138 /* Router */,
			);
			path = Presentation;
			sourceTree = "<group>";
		};
		F4261EE62A64257000718138 /* Core */ = {
			isa = PBXGroup;
			children = (
				F4261F202A6429A900718138 /* Data */,
				F4261F1F2A6429A000718138 /* Dependency Injection */,
				F4261F1E2A64299B00718138 /* Domain */,
				F4261F1A2A64296C00718138 /* Utils */,
			);
			path = Core;
			sourceTree = "<group>";
		};
		F4261EE72A64257600718138 /* Router */ = {
			isa = PBXGroup;
			children = (
				F4261EF52A6425F400718138 /* HomeRouter.swift */,
			);
			path = Router;
			sourceTree = "<group>";
		};
		F4261EE82A64257B00718138 /* Presenter */ = {
			isa = PBXGroup;
			children = (
				F4261EF72A6425FC00718138 /* HomePresenter.swift */,
			);
			path = Presenter;
			sourceTree = "<group>";
		};
		F4261EE92A64258500718138 /* View */ = {
			isa = PBXGroup;
			children = (
				F4261F372A6430C900718138 /* Component */,
				F4261EF92A64262D00718138 /* HomePageViewController.swift */,
				F4261EFA2A64262D00718138 /* HomePageViewController.xib */,
			);
			path = View;
			sourceTree = "<group>";
		};
		F4261EEA2A64258A00718138 /* Router */ = {
			isa = PBXGroup;
			children = (
				F4261EED2A6425B900718138 /* DetailRouter.swift */,
			);
			path = Router;
			sourceTree = "<group>";
		};
		F4261EEB2A64259100718138 /* Presenter */ = {
			isa = PBXGroup;
			children = (
				F4261EEF2A6425C500718138 /* DetailPresenter.swift */,
			);
			path = Presenter;
			sourceTree = "<group>";
		};
		F4261EEC2A6425A800718138 /* View */ = {
			isa = PBXGroup;
			children = (
				F4261EF12A6425DC00718138 /* DetailPageViewController.swift */,
				F4261EF22A6425DC00718138 /* DetailPageViewController.xib */,
			);
			path = View;
			sourceTree = "<group>";
		};
		F4261EFD2A64268300718138 /* Utils */ = {
			isa = PBXGroup;
			children = (
				F4261F012A64277500718138 /* Mapper */,
			);
			path = Utils;
			sourceTree = "<group>";
		};
		F4261EFE2A6426C400718138 /* Domain */ = {
			isa = PBXGroup;
			children = (
				F4261F052A64279500718138 /* Use Case */,
				F4261F042A64278B00718138 /* Model */,
			);
			path = Domain;
			sourceTree = "<group>";
		};
		F4261EFF2A6426CD00718138 /* Dependency Injection */ = {
			isa = PBXGroup;
			children = (
				F4261F0A2A6427DC00718138 /* HomePageInjection.swift */,
			);
			path = "Dependency Injection";
			sourceTree = "<group>";
		};
		F4261F002A6426DA00718138 /* Data */ = {
			isa = PBXGroup;
			children = (
				F4261F0D2A6427EF00718138 /* Remote */,
				F4261F0C2A6427E800718138 /* Local */,
				F4261F182A64294B00718138 /* HomePageRepository.swift */,
			);
			path = Data;
			sourceTree = "<group>";
		};
		F4261F012A64277500718138 /* Mapper */ = {
			isa = PBXGroup;
			children = (
				F4261F022A64277F00718138 /* HomeMapper.swift */,
			);
			path = Mapper;
			sourceTree = "<group>";
		};
		F4261F042A64278B00718138 /* Model */ = {
			isa = PBXGroup;
			children = (
				F4261F062A6427B200718138 /* MovieListModel.swift */,
			);
			path = Model;
			sourceTree = "<group>";
		};
		F4261F052A64279500718138 /* Use Case */ = {
			isa = PBXGroup;
			children = (
				F4261F082A6427CC00718138 /* HomePageUseCase.swift */,
			);
			path = "Use Case";
			sourceTree = "<group>";
		};
		F4261F0C2A6427E800718138 /* Local */ = {
			isa = PBXGroup;
			children = (
				F4261F0E2A64280000718138 /* Entity */,
				F4261F112A64282300718138 /* HomePageDefaultLocalDataSource.swift */,
			);
			path = Local;
			sourceTree = "<group>";
		};
		F4261F0D2A6427EF00718138 /* Remote */ = {
			isa = PBXGroup;
			children = (
				F4261F132A6428C700718138 /* Response */,
				F4261F162A64293600718138 /* HomePageDefaultRemoteDataSource.swift */,
			);
			path = Remote;
			sourceTree = "<group>";
		};
		F4261F0E2A64280000718138 /* Entity */ = {
			isa = PBXGroup;
			children = (
				F4261F0F2A64281000718138 /* MovieListEntity.swift */,
			);
			path = Entity;
			sourceTree = "<group>";
		};
		F4261F132A6428C700718138 /* Response */ = {
			isa = PBXGroup;
			children = (
				F4261F142A64292400718138 /* MovieListResponse.swift */,
			);
			path = Response;
			sourceTree = "<group>";
		};
		F4261F1A2A64296C00718138 /* Utils */ = {
			isa = PBXGroup;
			children = (
				F4261F1B2A64298800718138 /* Mapper */,
			);
			path = Utils;
			sourceTree = "<group>";
		};
		F4261F1B2A64298800718138 /* Mapper */ = {
			isa = PBXGroup;
			children = (
				F4261F1C2A64299400718138 /* DetailMapper.swift */,
			);
			path = Mapper;
			sourceTree = "<group>";
		};
		F4261F1E2A64299B00718138 /* Domain */ = {
			isa = PBXGroup;
			children = (
				F4261F222A6429B500718138 /* Use Case */,
				F4261F212A6429B100718138 /* Model */,
			);
			path = Domain;
			sourceTree = "<group>";
		};
		F4261F1F2A6429A000718138 /* Dependency Injection */ = {
			isa = PBXGroup;
			children = (
				F4261F232A642A0500718138 /* DetailPageInjection.swift */,
			);
			path = "Dependency Injection";
			sourceTree = "<group>";
		};
		F4261F202A6429A900718138 /* Data */ = {
			isa = PBXGroup;
			children = (
				F4261F2A2A642A6600718138 /* Remote */,
				F4261F292A642A6100718138 /* Local */,
				F4261F2B2A642A7600718138 /* DetailPageRepository.swift */,
			);
			path = Data;
			sourceTree = "<group>";
		};
		F4261F212A6429B100718138 /* Model */ = {
			isa = PBXGroup;
			children = (
				F4261F272A642A4700718138 /* DetailMovieModel.swift */,
			);
			path = Model;
			sourceTree = "<group>";
		};
		F4261F222A6429B500718138 /* Use Case */ = {
			isa = PBXGroup;
			children = (
				F4261F252A642A3A00718138 /* DetailPageUseCase.swift */,
			);
			path = "Use Case";
			sourceTree = "<group>";
		};
		F4261F292A642A6100718138 /* Local */ = {
			isa = PBXGroup;
			children = (
				F4261F2D2A642A7B00718138 /* Entity */,
				F4261F302A642A9E00718138 /* DetailPageDefaultLocalDataSource.swift */,
			);
			path = Local;
			sourceTree = "<group>";
		};
		F4261F2A2A642A6600718138 /* Remote */ = {
			isa = PBXGroup;
			children = (
				F4261F322A642AA300718138 /* Response */,
				F4261F352A642ACB00718138 /* DetailPageDefaultRemoteDataSource.swift */,
			);
			path = Remote;
			sourceTree = "<group>";
		};
		F4261F2D2A642A7B00718138 /* Entity */ = {
			isa = PBXGroup;
			children = (
				F4261F2E2A642A8800718138 /* DetailMovieEntity.swift */,
			);
			path = Entity;
			sourceTree = "<group>";
		};
		F4261F322A642AA300718138 /* Response */ = {
			isa = PBXGroup;
			children = (
				F4261F332A642AAF00718138 /* DetailMovieResponse.swift */,
			);
			path = Response;
			sourceTree = "<group>";
		};
		FB61B92F53CACF45D00FD74E /* Frameworks */ = {
			isa = PBXGroup;
			children = (
				0C57C2D41EE320B0103225DD /* Pods_MovieDB.framework */,
				AC55924ED1CDB2983D09F9E6 /* Pods_MovieDB_MovieDBUITests.framework */,
				E56ADAB138CE27AC39D52A8E /* Pods_MovieDBTests.framework */,
			);
			name = Frameworks;
		F4261F372A6430C900718138 /* Component */ = {
			isa = PBXGroup;
			children = (
				F4261F382A6430E400718138 /* MovieTableViewCell.swift */,
				F4261F392A6430E400718138 /* MovieTableViewCell.xib */,
				F4261F3E2A6431A500718138 /* CardMovieCollectionViewCell.swift */,
				F4261F3F2A6431A500718138 /* CardMovieCollectionViewCell.xib */,
			);
			path = Component;
			sourceTree = "<group>";
		};
/* End PBXGroup section */

/* Begin PBXNativeTarget section */
		F4261EAA2A64210800718138 /* MovieDB */ = {
			isa = PBXNativeTarget;
			buildConfigurationList = F4261ED52A64210C00718138 /* Build configuration list for PBXNativeTarget "MovieDB" */;
			buildPhases = (
				D0A7DF364D9D526EA302E961 /* [CP] Check Pods Manifest.lock */,
				F4261EA72A64210800718138 /* Sources */,
				F4261EA82A64210800718138 /* Frameworks */,
				F4261EA92A64210800718138 /* Resources */,
				03B76C18D388EE2C3AC4BB40 /* [CP] Embed Pods Frameworks */,
			);
			buildRules = (
			);
			dependencies = (
			);
			name = MovieDB;
			productName = MovieDB;
			productReference = F4261EAB2A64210800718138 /* MovieDB.app */;
			productType = "com.apple.product-type.application";
		};
		F4261EC02A64210C00718138 /* MovieDBTests */ = {
			isa = PBXNativeTarget;
			buildConfigurationList = F4261ED82A64210C00718138 /* Build configuration list for PBXNativeTarget "MovieDBTests" */;
			buildPhases = (
				9D901B0070F58E015AE7BCBD /* [CP] Check Pods Manifest.lock */,
				F4261EBD2A64210C00718138 /* Sources */,
				F4261EBE2A64210C00718138 /* Frameworks */,
				F4261EBF2A64210C00718138 /* Resources */,
			);
			buildRules = (
			);
			dependencies = (
				F4261EC32A64210C00718138 /* PBXTargetDependency */,
			);
			name = MovieDBTests;
			productName = MovieDBTests;
			productReference = F4261EC12A64210C00718138 /* MovieDBTests.xctest */;
			productType = "com.apple.product-type.bundle.unit-test";
		};
		F4261ECA2A64210C00718138 /* MovieDBUITests */ = {
			isa = PBXNativeTarget;
			buildConfigurationList = F4261EDB2A64210C00718138 /* Build configuration list for PBXNativeTarget "MovieDBUITests" */;
			buildPhases = (
				5CA14CAE4E2D7DD5DCAD239E /* [CP] Check Pods Manifest.lock */,
				F4261EC72A64210C00718138 /* Sources */,
				F4261EC82A64210C00718138 /* Frameworks */,
				F4261EC92A64210C00718138 /* Resources */,
				1028241F982074CA7835EABD /* [CP] Embed Pods Frameworks */,
			);
			buildRules = (
			);
			dependencies = (
				F4261ECD2A64210C00718138 /* PBXTargetDependency */,
			);
			name = MovieDBUITests;
			productName = MovieDBUITests;
			productReference = F4261ECB2A64210C00718138 /* MovieDBUITests.xctest */;
			productType = "com.apple.product-type.bundle.ui-testing";
		};
/* End PBXNativeTarget section */

/* Begin PBXProject section */
		F4261EA32A64210800718138 /* Project object */ = {
			isa = PBXProject;
			attributes = {
				BuildIndependentTargetsInParallel = 1;
				LastSwiftUpdateCheck = 1430;
				LastUpgradeCheck = 1430;
				TargetAttributes = {
					F4261EAA2A64210800718138 = {
						CreatedOnToolsVersion = 14.3;
					};
					F4261EC02A64210C00718138 = {
						CreatedOnToolsVersion = 14.3;
						TestTargetID = F4261EAA2A64210800718138;
					};
					F4261ECA2A64210C00718138 = {
						CreatedOnToolsVersion = 14.3;
						TestTargetID = F4261EAA2A64210800718138;
					};
				};
			};
			buildConfigurationList = F4261EA62A64210800718138 /* Build configuration list for PBXProject "MovieDB" */;
			compatibilityVersion = "Xcode 14.0";
			developmentRegion = en;
			hasScannedForEncodings = 0;
			knownRegions = (
				en,
				Base,
			);
			mainGroup = F4261EA22A64210800718138;
			productRefGroup = F4261EAC2A64210800718138 /* Products */;
			projectDirPath = "";
			projectRoot = "";
			targets = (
				F4261EAA2A64210800718138 /* MovieDB */,
				F4261EC02A64210C00718138 /* MovieDBTests */,
				F4261ECA2A64210C00718138 /* MovieDBUITests */,
			);
		};
/* End PBXProject section */

/* Begin PBXResourcesBuildPhase section */
		F4261EA92A64210800718138 /* Resources */ = {
			isa = PBXResourcesBuildPhase;
			buildActionMask = 2147483647;
			files = (
				F4261EF42A6425DC00718138 /* DetailPageViewController.xib in Resources */,
				F4261F3B2A6430E400718138 /* MovieTableViewCell.xib in Resources */,
				F4261EFC2A64262D00718138 /* HomePageViewController.xib in Resources */,
				F4261F412A6431A500718138 /* CardMovieCollectionViewCell.xib in Resources */,
				F4261EBB2A64210C00718138 /* LaunchScreen.storyboard in Resources */,
				F4261EB82A64210B00718138 /* Assets.xcassets in Resources */,
			);
			runOnlyForDeploymentPostprocessing = 0;
		};
		F4261EBF2A64210C00718138 /* Resources */ = {
			isa = PBXResourcesBuildPhase;
			buildActionMask = 2147483647;
			files = (
			);
			runOnlyForDeploymentPostprocessing = 0;
		};
		F4261EC92A64210C00718138 /* Resources */ = {
			isa = PBXResourcesBuildPhase;
			buildActionMask = 2147483647;
			files = (
			);
			runOnlyForDeploymentPostprocessing = 0;
		};
/* End PBXResourcesBuildPhase section */

/* Begin PBXShellScriptBuildPhase section */
		03B76C18D388EE2C3AC4BB40 /* [CP] Embed Pods Frameworks */ = {
			isa = PBXShellScriptBuildPhase;
			buildActionMask = 2147483647;
			files = (
			);
			inputFileListPaths = (
				"${PODS_ROOT}/Target Support Files/Pods-MovieDB/Pods-MovieDB-frameworks-${CONFIGURATION}-input-files.xcfilelist",
			);
			name = "[CP] Embed Pods Frameworks";
			outputFileListPaths = (
				"${PODS_ROOT}/Target Support Files/Pods-MovieDB/Pods-MovieDB-frameworks-${CONFIGURATION}-output-files.xcfilelist",
			);
			runOnlyForDeploymentPostprocessing = 0;
			shellPath = /bin/sh;
			shellScript = "\"${PODS_ROOT}/Target Support Files/Pods-MovieDB/Pods-MovieDB-frameworks.sh\"\n";
			showEnvVarsInLog = 0;
		};
		1028241F982074CA7835EABD /* [CP] Embed Pods Frameworks */ = {
			isa = PBXShellScriptBuildPhase;
			buildActionMask = 2147483647;
			files = (
			);
			inputFileListPaths = (
				"${PODS_ROOT}/Target Support Files/Pods-MovieDB-MovieDBUITests/Pods-MovieDB-MovieDBUITests-frameworks-${CONFIGURATION}-input-files.xcfilelist",
			);
			name = "[CP] Embed Pods Frameworks";
			outputFileListPaths = (
				"${PODS_ROOT}/Target Support Files/Pods-MovieDB-MovieDBUITests/Pods-MovieDB-MovieDBUITests-frameworks-${CONFIGURATION}-output-files.xcfilelist",
			);
			runOnlyForDeploymentPostprocessing = 0;
			shellPath = /bin/sh;
			shellScript = "\"${PODS_ROOT}/Target Support Files/Pods-MovieDB-MovieDBUITests/Pods-MovieDB-MovieDBUITests-frameworks.sh\"\n";
			showEnvVarsInLog = 0;
		};
		5CA14CAE4E2D7DD5DCAD239E /* [CP] Check Pods Manifest.lock */ = {
			isa = PBXShellScriptBuildPhase;
			buildActionMask = 2147483647;
			files = (
			);
			inputFileListPaths = (
			);
			inputPaths = (
				"${PODS_PODFILE_DIR_PATH}/Podfile.lock",
				"${PODS_ROOT}/Manifest.lock",
			);
			name = "[CP] Check Pods Manifest.lock";
			outputFileListPaths = (
			);
			outputPaths = (
				"$(DERIVED_FILE_DIR)/Pods-MovieDB-MovieDBUITests-checkManifestLockResult.txt",
			);
			runOnlyForDeploymentPostprocessing = 0;
			shellPath = /bin/sh;
			shellScript = "diff \"${PODS_PODFILE_DIR_PATH}/Podfile.lock\" \"${PODS_ROOT}/Manifest.lock\" > /dev/null\nif [ $? != 0 ] ; then\n    # print error to STDERR\n    echo \"error: The sandbox is not in sync with the Podfile.lock. Run 'pod install' or update your CocoaPods installation.\" >&2\n    exit 1\nfi\n# This output is used by Xcode 'outputs' to avoid re-running this script phase.\necho \"SUCCESS\" > \"${SCRIPT_OUTPUT_FILE_0}\"\n";
			showEnvVarsInLog = 0;
		};
		9D901B0070F58E015AE7BCBD /* [CP] Check Pods Manifest.lock */ = {
			isa = PBXShellScriptBuildPhase;
			buildActionMask = 2147483647;
			files = (
			);
			inputFileListPaths = (
			);
			inputPaths = (
				"${PODS_PODFILE_DIR_PATH}/Podfile.lock",
				"${PODS_ROOT}/Manifest.lock",
			);
			name = "[CP] Check Pods Manifest.lock";
			outputFileListPaths = (
			);
			outputPaths = (
				"$(DERIVED_FILE_DIR)/Pods-MovieDBTests-checkManifestLockResult.txt",
			);
			runOnlyForDeploymentPostprocessing = 0;
			shellPath = /bin/sh;
			shellScript = "diff \"${PODS_PODFILE_DIR_PATH}/Podfile.lock\" \"${PODS_ROOT}/Manifest.lock\" > /dev/null\nif [ $? != 0 ] ; then\n    # print error to STDERR\n    echo \"error: The sandbox is not in sync with the Podfile.lock. Run 'pod install' or update your CocoaPods installation.\" >&2\n    exit 1\nfi\n# This output is used by Xcode 'outputs' to avoid re-running this script phase.\necho \"SUCCESS\" > \"${SCRIPT_OUTPUT_FILE_0}\"\n";
			showEnvVarsInLog = 0;
		};
		D0A7DF364D9D526EA302E961 /* [CP] Check Pods Manifest.lock */ = {
			isa = PBXShellScriptBuildPhase;
			buildActionMask = 2147483647;
			files = (
			);
			inputFileListPaths = (
			);
			inputPaths = (
				"${PODS_PODFILE_DIR_PATH}/Podfile.lock",
				"${PODS_ROOT}/Manifest.lock",
			);
			name = "[CP] Check Pods Manifest.lock";
			outputFileListPaths = (
			);
			outputPaths = (
				"$(DERIVED_FILE_DIR)/Pods-MovieDB-checkManifestLockResult.txt",
			);
			runOnlyForDeploymentPostprocessing = 0;
			shellPath = /bin/sh;
			shellScript = "diff \"${PODS_PODFILE_DIR_PATH}/Podfile.lock\" \"${PODS_ROOT}/Manifest.lock\" > /dev/null\nif [ $? != 0 ] ; then\n    # print error to STDERR\n    echo \"error: The sandbox is not in sync with the Podfile.lock. Run 'pod install' or update your CocoaPods installation.\" >&2\n    exit 1\nfi\n# This output is used by Xcode 'outputs' to avoid re-running this script phase.\necho \"SUCCESS\" > \"${SCRIPT_OUTPUT_FILE_0}\"\n";
			showEnvVarsInLog = 0;
		};
/* End PBXShellScriptBuildPhase section */

/* Begin PBXSourcesBuildPhase section */
		F4261EA72A64210800718138 /* Sources */ = {
			isa = PBXSourcesBuildPhase;
			buildActionMask = 2147483647;
			files = (
				F4261EF82A6425FC00718138 /* HomePresenter.swift in Sources */,
				F4261F402A6431A500718138 /* CardMovieCollectionViewCell.swift in Sources */,
				F4261F102A64281000718138 /* MovieListEntity.swift in Sources */,
				F4261F362A642ACB00718138 /* DetailPageDefaultRemoteDataSource.swift in Sources */,
				F4261F0B2A6427DC00718138 /* HomePageInjection.swift in Sources */,
				F4261F2C2A642A7600718138 /* DetailPageRepository.swift in Sources */,
				F4261F1D2A64299400718138 /* DetailMapper.swift in Sources */,
				F4261F032A64277F00718138 /* HomeMapper.swift in Sources */,
				F4261F342A642AAF00718138 /* DetailMovieResponse.swift in Sources */,
				F4261EF32A6425DC00718138 /* DetailPageViewController.swift in Sources */,
				F4261F072A6427B200718138 /* MovieListModel.swift in Sources */,
				F4261F242A642A0500718138 /* DetailPageInjection.swift in Sources */,
				F4261EF62A6425F400718138 /* HomeRouter.swift in Sources */,
				F4261F3A2A6430E400718138 /* MovieTableViewCell.swift in Sources */,
				F4261F282A642A4700718138 /* DetailMovieModel.swift in Sources */,
				F4261F092A6427CC00718138 /* HomePageUseCase.swift in Sources */,
				F4261F172A64293600718138 /* HomePageDefaultRemoteDataSource.swift in Sources */,
				F4261F192A64294B00718138 /* HomePageRepository.swift in Sources */,
				F4261F2F2A642A8800718138 /* DetailMovieEntity.swift in Sources */,
				F4261EEE2A6425B900718138 /* DetailRouter.swift in Sources */,
				F4261EFB2A64262D00718138 /* HomePageViewController.swift in Sources */,
				F4261F262A642A3A00718138 /* DetailPageUseCase.swift in Sources */,
				F4261EAF2A64210800718138 /* AppDelegate.swift in Sources */,
				F4261F312A642A9E00718138 /* DetailPageDefaultLocalDataSource.swift in Sources */,
				F4261F122A64282300718138 /* HomePageDefaultLocalDataSource.swift in Sources */,
				F4261EF02A6425C500718138 /* DetailPresenter.swift in Sources */,
				F4261F152A64292400718138 /* MovieListResponse.swift in Sources */,
			);
			runOnlyForDeploymentPostprocessing = 0;
		};
		F4261EBD2A64210C00718138 /* Sources */ = {
			isa = PBXSourcesBuildPhase;
			buildActionMask = 2147483647;
			files = (
				F4261EC62A64210C00718138 /* MovieDBTests.swift in Sources */,
			);
			runOnlyForDeploymentPostprocessing = 0;
		};
		F4261EC72A64210C00718138 /* Sources */ = {
			isa = PBXSourcesBuildPhase;
			buildActionMask = 2147483647;
			files = (
				F4261ED02A64210C00718138 /* MovieDBUITests.swift in Sources */,
				F4261ED22A64210C00718138 /* MovieDBUITestsLaunchTests.swift in Sources */,
			);
			runOnlyForDeploymentPostprocessing = 0;
		};
/* End PBXSourcesBuildPhase section */

/* Begin PBXTargetDependency section */
		F4261EC32A64210C00718138 /* PBXTargetDependency */ = {
			isa = PBXTargetDependency;
			target = F4261EAA2A64210800718138 /* MovieDB */;
			targetProxy = F4261EC22A64210C00718138 /* PBXContainerItemProxy */;
		};
		F4261ECD2A64210C00718138 /* PBXTargetDependency */ = {
			isa = PBXTargetDependency;
			target = F4261EAA2A64210800718138 /* MovieDB */;
			targetProxy = F4261ECC2A64210C00718138 /* PBXContainerItemProxy */;
		};
/* End PBXTargetDependency section */

/* Begin PBXVariantGroup section */
		F4261EB92A64210C00718138 /* LaunchScreen.storyboard */ = {
			isa = PBXVariantGroup;
			children = (
				F4261EBA2A64210C00718138 /* Base */,
			);
			name = LaunchScreen.storyboard;
			sourceTree = "<group>";
		};
/* End PBXVariantGroup section */

/* Begin XCBuildConfiguration section */
		F4261ED32A64210C00718138 /* Debug */ = {
			isa = XCBuildConfiguration;
			buildSettings = {
				ALWAYS_SEARCH_USER_PATHS = NO;
				CLANG_ANALYZER_NONNULL = YES;
				CLANG_ANALYZER_NUMBER_OBJECT_CONVERSION = YES_AGGRESSIVE;
				CLANG_CXX_LANGUAGE_STANDARD = "gnu++20";
				CLANG_ENABLE_MODULES = YES;
				CLANG_ENABLE_OBJC_ARC = YES;
				CLANG_ENABLE_OBJC_WEAK = YES;
				CLANG_WARN_BLOCK_CAPTURE_AUTORELEASING = YES;
				CLANG_WARN_BOOL_CONVERSION = YES;
				CLANG_WARN_COMMA = YES;
				CLANG_WARN_CONSTANT_CONVERSION = YES;
				CLANG_WARN_DEPRECATED_OBJC_IMPLEMENTATIONS = YES;
				CLANG_WARN_DIRECT_OBJC_ISA_USAGE = YES_ERROR;
				CLANG_WARN_DOCUMENTATION_COMMENTS = YES;
				CLANG_WARN_EMPTY_BODY = YES;
				CLANG_WARN_ENUM_CONVERSION = YES;
				CLANG_WARN_INFINITE_RECURSION = YES;
				CLANG_WARN_INT_CONVERSION = YES;
				CLANG_WARN_NON_LITERAL_NULL_CONVERSION = YES;
				CLANG_WARN_OBJC_IMPLICIT_RETAIN_SELF = YES;
				CLANG_WARN_OBJC_LITERAL_CONVERSION = YES;
				CLANG_WARN_OBJC_ROOT_CLASS = YES_ERROR;
				CLANG_WARN_QUOTED_INCLUDE_IN_FRAMEWORK_HEADER = YES;
				CLANG_WARN_RANGE_LOOP_ANALYSIS = YES;
				CLANG_WARN_STRICT_PROTOTYPES = YES;
				CLANG_WARN_SUSPICIOUS_MOVE = YES;
				CLANG_WARN_UNGUARDED_AVAILABILITY = YES_AGGRESSIVE;
				CLANG_WARN_UNREACHABLE_CODE = YES;
				CLANG_WARN__DUPLICATE_METHOD_MATCH = YES;
				COPY_PHASE_STRIP = NO;
				DEBUG_INFORMATION_FORMAT = dwarf;
				ENABLE_STRICT_OBJC_MSGSEND = YES;
				ENABLE_TESTABILITY = YES;
				GCC_C_LANGUAGE_STANDARD = gnu11;
				GCC_DYNAMIC_NO_PIC = NO;
				GCC_NO_COMMON_BLOCKS = YES;
				GCC_OPTIMIZATION_LEVEL = 0;
				GCC_PREPROCESSOR_DEFINITIONS = (
					"DEBUG=1",
					"$(inherited)",
				);
				GCC_WARN_64_TO_32_BIT_CONVERSION = YES;
				GCC_WARN_ABOUT_RETURN_TYPE = YES_ERROR;
				GCC_WARN_UNDECLARED_SELECTOR = YES;
				GCC_WARN_UNINITIALIZED_AUTOS = YES_AGGRESSIVE;
				GCC_WARN_UNUSED_FUNCTION = YES;
				GCC_WARN_UNUSED_VARIABLE = YES;
				IPHONEOS_DEPLOYMENT_TARGET = 16.4;
				MTL_ENABLE_DEBUG_INFO = INCLUDE_SOURCE;
				MTL_FAST_MATH = YES;
				ONLY_ACTIVE_ARCH = YES;
				SDKROOT = iphoneos;
				SWIFT_ACTIVE_COMPILATION_CONDITIONS = DEBUG;
				SWIFT_OPTIMIZATION_LEVEL = "-Onone";
			};
			name = Debug;
		};
		F4261ED42A64210C00718138 /* Release */ = {
			isa = XCBuildConfiguration;
			buildSettings = {
				ALWAYS_SEARCH_USER_PATHS = NO;
				CLANG_ANALYZER_NONNULL = YES;
				CLANG_ANALYZER_NUMBER_OBJECT_CONVERSION = YES_AGGRESSIVE;
				CLANG_CXX_LANGUAGE_STANDARD = "gnu++20";
				CLANG_ENABLE_MODULES = YES;
				CLANG_ENABLE_OBJC_ARC = YES;
				CLANG_ENABLE_OBJC_WEAK = YES;
				CLANG_WARN_BLOCK_CAPTURE_AUTORELEASING = YES;
				CLANG_WARN_BOOL_CONVERSION = YES;
				CLANG_WARN_COMMA = YES;
				CLANG_WARN_CONSTANT_CONVERSION = YES;
				CLANG_WARN_DEPRECATED_OBJC_IMPLEMENTATIONS = YES;
				CLANG_WARN_DIRECT_OBJC_ISA_USAGE = YES_ERROR;
				CLANG_WARN_DOCUMENTATION_COMMENTS = YES;
				CLANG_WARN_EMPTY_BODY = YES;
				CLANG_WARN_ENUM_CONVERSION = YES;
				CLANG_WARN_INFINITE_RECURSION = YES;
				CLANG_WARN_INT_CONVERSION = YES;
				CLANG_WARN_NON_LITERAL_NULL_CONVERSION = YES;
				CLANG_WARN_OBJC_IMPLICIT_RETAIN_SELF = YES;
				CLANG_WARN_OBJC_LITERAL_CONVERSION = YES;
				CLANG_WARN_OBJC_ROOT_CLASS = YES_ERROR;
				CLANG_WARN_QUOTED_INCLUDE_IN_FRAMEWORK_HEADER = YES;
				CLANG_WARN_RANGE_LOOP_ANALYSIS = YES;
				CLANG_WARN_STRICT_PROTOTYPES = YES;
				CLANG_WARN_SUSPICIOUS_MOVE = YES;
				CLANG_WARN_UNGUARDED_AVAILABILITY = YES_AGGRESSIVE;
				CLANG_WARN_UNREACHABLE_CODE = YES;
				CLANG_WARN__DUPLICATE_METHOD_MATCH = YES;
				COPY_PHASE_STRIP = NO;
				DEBUG_INFORMATION_FORMAT = "dwarf-with-dsym";
				ENABLE_NS_ASSERTIONS = NO;
				ENABLE_STRICT_OBJC_MSGSEND = YES;
				GCC_C_LANGUAGE_STANDARD = gnu11;
				GCC_NO_COMMON_BLOCKS = YES;
				GCC_WARN_64_TO_32_BIT_CONVERSION = YES;
				GCC_WARN_ABOUT_RETURN_TYPE = YES_ERROR;
				GCC_WARN_UNDECLARED_SELECTOR = YES;
				GCC_WARN_UNINITIALIZED_AUTOS = YES_AGGRESSIVE;
				GCC_WARN_UNUSED_FUNCTION = YES;
				GCC_WARN_UNUSED_VARIABLE = YES;
				IPHONEOS_DEPLOYMENT_TARGET = 16.4;
				MTL_ENABLE_DEBUG_INFO = NO;
				MTL_FAST_MATH = YES;
				SDKROOT = iphoneos;
				SWIFT_COMPILATION_MODE = wholemodule;
				SWIFT_OPTIMIZATION_LEVEL = "-O";
				VALIDATE_PRODUCT = YES;
			};
			name = Release;
		};
		F4261ED62A64210C00718138 /* Debug */ = {
			isa = XCBuildConfiguration;
			baseConfigurationReference = 6B635323DD4C930DEEA09D3B /* Pods-MovieDB.debug.xcconfig */;
			buildSettings = {
				ASSETCATALOG_COMPILER_APPICON_NAME = AppIcon;
				ASSETCATALOG_COMPILER_GLOBAL_ACCENT_COLOR_NAME = AccentColor;
				CODE_SIGN_STYLE = Automatic;
				CURRENT_PROJECT_VERSION = 1;
				DEVELOPMENT_TEAM = 54LBDS3ZS9;
				GENERATE_INFOPLIST_FILE = YES;
				INFOPLIST_FILE = "MovieDB/Supporting Files/Info.plist";
				INFOPLIST_KEY_UIApplicationSupportsIndirectInputEvents = YES;
				INFOPLIST_KEY_UILaunchStoryboardName = LaunchScreen;
				INFOPLIST_KEY_UISupportedInterfaceOrientations_iPad = "UIInterfaceOrientationPortrait UIInterfaceOrientationPortraitUpsideDown UIInterfaceOrientationLandscapeLeft UIInterfaceOrientationLandscapeRight";
				INFOPLIST_KEY_UISupportedInterfaceOrientations_iPhone = "UIInterfaceOrientationPortrait UIInterfaceOrientationLandscapeLeft UIInterfaceOrientationLandscapeRight";
				LD_RUNPATH_SEARCH_PATHS = (
					"$(inherited)",
					"@executable_path/Frameworks",
				);
				MARKETING_VERSION = 1.0;
				PRODUCT_BUNDLE_IDENTIFIER = com.carlos.movie.MovieDB;
				PRODUCT_NAME = "$(TARGET_NAME)";
				SWIFT_EMIT_LOC_STRINGS = YES;
				SWIFT_VERSION = 5.0;
				TARGETED_DEVICE_FAMILY = "1,2";
			};
			name = Debug;
		};
		F4261ED72A64210C00718138 /* Release */ = {
			isa = XCBuildConfiguration;
			baseConfigurationReference = 985A91BA6B65AEF52227A288 /* Pods-MovieDB.release.xcconfig */;
			buildSettings = {
				ASSETCATALOG_COMPILER_APPICON_NAME = AppIcon;
				ASSETCATALOG_COMPILER_GLOBAL_ACCENT_COLOR_NAME = AccentColor;
				CODE_SIGN_STYLE = Automatic;
				CURRENT_PROJECT_VERSION = 1;
				DEVELOPMENT_TEAM = 54LBDS3ZS9;
				GENERATE_INFOPLIST_FILE = YES;
				INFOPLIST_FILE = "MovieDB/Supporting Files/Info.plist";
				INFOPLIST_KEY_UIApplicationSupportsIndirectInputEvents = YES;
				INFOPLIST_KEY_UILaunchStoryboardName = LaunchScreen;
				INFOPLIST_KEY_UISupportedInterfaceOrientations_iPad = "UIInterfaceOrientationPortrait UIInterfaceOrientationPortraitUpsideDown UIInterfaceOrientationLandscapeLeft UIInterfaceOrientationLandscapeRight";
				INFOPLIST_KEY_UISupportedInterfaceOrientations_iPhone = "UIInterfaceOrientationPortrait UIInterfaceOrientationLandscapeLeft UIInterfaceOrientationLandscapeRight";
				LD_RUNPATH_SEARCH_PATHS = (
					"$(inherited)",
					"@executable_path/Frameworks",
				);
				MARKETING_VERSION = 1.0;
				PRODUCT_BUNDLE_IDENTIFIER = com.carlos.movie.MovieDB;
				PRODUCT_NAME = "$(TARGET_NAME)";
				SWIFT_EMIT_LOC_STRINGS = YES;
				SWIFT_VERSION = 5.0;
				TARGETED_DEVICE_FAMILY = "1,2";
			};
			name = Release;
		};
		F4261ED92A64210C00718138 /* Debug */ = {
			isa = XCBuildConfiguration;
			baseConfigurationReference = 80D1705DE7670634CF1DBD38 /* Pods-MovieDBTests.debug.xcconfig */;
			buildSettings = {
				ALWAYS_EMBED_SWIFT_STANDARD_LIBRARIES = YES;
				BUNDLE_LOADER = "$(TEST_HOST)";
				CODE_SIGN_STYLE = Automatic;
				CURRENT_PROJECT_VERSION = 1;
				DEVELOPMENT_TEAM = 54LBDS3ZS9;
				GENERATE_INFOPLIST_FILE = YES;
				IPHONEOS_DEPLOYMENT_TARGET = 16.4;
				MARKETING_VERSION = 1.0;
				PRODUCT_BUNDLE_IDENTIFIER = com.carlos.movie.MovieDBTests;
				PRODUCT_NAME = "$(TARGET_NAME)";
				SWIFT_EMIT_LOC_STRINGS = NO;
				SWIFT_VERSION = 5.0;
				TARGETED_DEVICE_FAMILY = "1,2";
				TEST_HOST = "$(BUILT_PRODUCTS_DIR)/MovieDB.app/$(BUNDLE_EXECUTABLE_FOLDER_PATH)/MovieDB";
			};
			name = Debug;
		};
		F4261EDA2A64210C00718138 /* Release */ = {
			isa = XCBuildConfiguration;
			baseConfigurationReference = 62355C4373DA1CB2399FE774 /* Pods-MovieDBTests.release.xcconfig */;
			buildSettings = {
				ALWAYS_EMBED_SWIFT_STANDARD_LIBRARIES = YES;
				BUNDLE_LOADER = "$(TEST_HOST)";
				CODE_SIGN_STYLE = Automatic;
				CURRENT_PROJECT_VERSION = 1;
				DEVELOPMENT_TEAM = 54LBDS3ZS9;
				GENERATE_INFOPLIST_FILE = YES;
				IPHONEOS_DEPLOYMENT_TARGET = 16.4;
				MARKETING_VERSION = 1.0;
				PRODUCT_BUNDLE_IDENTIFIER = com.carlos.movie.MovieDBTests;
				PRODUCT_NAME = "$(TARGET_NAME)";
				SWIFT_EMIT_LOC_STRINGS = NO;
				SWIFT_VERSION = 5.0;
				TARGETED_DEVICE_FAMILY = "1,2";
				TEST_HOST = "$(BUILT_PRODUCTS_DIR)/MovieDB.app/$(BUNDLE_EXECUTABLE_FOLDER_PATH)/MovieDB";
			};
			name = Release;
		};
		F4261EDC2A64210C00718138 /* Debug */ = {
			isa = XCBuildConfiguration;
			baseConfigurationReference = A11E403E72121759FCF845FA /* Pods-MovieDB-MovieDBUITests.debug.xcconfig */;
			buildSettings = {
				ALWAYS_EMBED_SWIFT_STANDARD_LIBRARIES = YES;
				CODE_SIGN_STYLE = Automatic;
				CURRENT_PROJECT_VERSION = 1;
				DEVELOPMENT_TEAM = 54LBDS3ZS9;
				GENERATE_INFOPLIST_FILE = YES;
				MARKETING_VERSION = 1.0;
				PRODUCT_BUNDLE_IDENTIFIER = com.carlos.movie.MovieDBUITests;
				PRODUCT_NAME = "$(TARGET_NAME)";
				SWIFT_EMIT_LOC_STRINGS = NO;
				SWIFT_VERSION = 5.0;
				TARGETED_DEVICE_FAMILY = "1,2";
				TEST_TARGET_NAME = MovieDB;
			};
			name = Debug;
		};
		F4261EDD2A64210C00718138 /* Release */ = {
			isa = XCBuildConfiguration;
			baseConfigurationReference = F4A4D4199A88B5F36FF43AF3 /* Pods-MovieDB-MovieDBUITests.release.xcconfig */;
			buildSettings = {
				ALWAYS_EMBED_SWIFT_STANDARD_LIBRARIES = YES;
				CODE_SIGN_STYLE = Automatic;
				CURRENT_PROJECT_VERSION = 1;
				DEVELOPMENT_TEAM = 54LBDS3ZS9;
				GENERATE_INFOPLIST_FILE = YES;
				MARKETING_VERSION = 1.0;
				PRODUCT_BUNDLE_IDENTIFIER = com.carlos.movie.MovieDBUITests;
				PRODUCT_NAME = "$(TARGET_NAME)";
				SWIFT_EMIT_LOC_STRINGS = NO;
				SWIFT_VERSION = 5.0;
				TARGETED_DEVICE_FAMILY = "1,2";
				TEST_TARGET_NAME = MovieDB;
			};
			name = Release;
		};
/* End XCBuildConfiguration section */

/* Begin XCConfigurationList section */
		F4261EA62A64210800718138 /* Build configuration list for PBXProject "MovieDB" */ = {
			isa = XCConfigurationList;
			buildConfigurations = (
				F4261ED32A64210C00718138 /* Debug */,
				F4261ED42A64210C00718138 /* Release */,
			);
			defaultConfigurationIsVisible = 0;
			defaultConfigurationName = Release;
		};
		F4261ED52A64210C00718138 /* Build configuration list for PBXNativeTarget "MovieDB" */ = {
			isa = XCConfigurationList;
			buildConfigurations = (
				F4261ED62A64210C00718138 /* Debug */,
				F4261ED72A64210C00718138 /* Release */,
			);
			defaultConfigurationIsVisible = 0;
			defaultConfigurationName = Release;
		};
		F4261ED82A64210C00718138 /* Build configuration list for PBXNativeTarget "MovieDBTests" */ = {
			isa = XCConfigurationList;
			buildConfigurations = (
				F4261ED92A64210C00718138 /* Debug */,
				F4261EDA2A64210C00718138 /* Release */,
			);
			defaultConfigurationIsVisible = 0;
			defaultConfigurationName = Release;
		};
		F4261EDB2A64210C00718138 /* Build configuration list for PBXNativeTarget "MovieDBUITests" */ = {
			isa = XCConfigurationList;
			buildConfigurations = (
				F4261EDC2A64210C00718138 /* Debug */,
				F4261EDD2A64210C00718138 /* Release */,
			);
			defaultConfigurationIsVisible = 0;
			defaultConfigurationName = Release;
		};
/* End XCConfigurationList section */
	};
	rootObject = F4261EA32A64210800718138 /* Project object */;
}
