// !$*UTF8*$!
{
	archiveVersion = 1;
	classes = {
	};
	objectVersion = 56;
	objects = {

/* Begin PBXBuildFile section */
		2399663918241D6917012752 /* Pods_MovieDB_MovieDBUITests.framework in Frameworks */ = {isa = PBXBuildFile; fileRef = 01FFD3BC08584C0588B7C64E /* Pods_MovieDB_MovieDBUITests.framework */; };
		DD604FEB4CA8CD44DB28A8C0 /* Pods_MovieDBTests.framework in Frameworks */ = {isa = PBXBuildFile; fileRef = D4B4807A19419E83DA83C471 /* Pods_MovieDBTests.framework */; };
		E344A8CCD8427D74579878E3 /* Pods_MovieDB.framework in Frameworks */ = {isa = PBXBuildFile; fileRef = 583EAF81EB14B5C992D89ED3 /* Pods_MovieDB.framework */; };
		F4261EAF2A64210800718138 /* AppDelegate.swift in Sources */ = {isa = PBXBuildFile; fileRef = F4261EAE2A64210800718138 /* AppDelegate.swift */; };
		F4261EB82A64210B00718138 /* Assets.xcassets in Resources */ = {isa = PBXBuildFile; fileRef = F4261EB72A64210B00718138 /* Assets.xcassets */; };
		F4261EBB2A64210C00718138 /* LaunchScreen.storyboard in Resources */ = {isa = PBXBuildFile; fileRef = F4261EB92A64210C00718138 /* LaunchScreen.storyboard */; };
		F4261EC62A64210C00718138 /* MovieDBTests.swift in Sources */ = {isa = PBXBuildFile; fileRef = F4261EC52A64210C00718138 /* MovieDBTests.swift */; };
		F4261ED02A64210C00718138 /* MovieDBUITests.swift in Sources */ = {isa = PBXBuildFile; fileRef = F4261ECF2A64210C00718138 /* MovieDBUITests.swift */; };
		F4261ED22A64210C00718138 /* MovieDBUITestsLaunchTests.swift in Sources */ = {isa = PBXBuildFile; fileRef = F4261ED12A64210C00718138 /* MovieDBUITestsLaunchTests.swift */; };
		F427C1DD2A66980500B604DE /* DetailPageRouter.swift in Sources */ = {isa = PBXBuildFile; fileRef = F427C1DC2A66980500B604DE /* DetailPageRouter.swift */; };
		F427C1DF2A66981000B604DE /* DetailPagePresenter.swift in Sources */ = {isa = PBXBuildFile; fileRef = F427C1DE2A66981000B604DE /* DetailPagePresenter.swift */; };
		F427C1E22A66982700B604DE /* DetailPageViewController.swift in Sources */ = {isa = PBXBuildFile; fileRef = F427C1E02A66982700B604DE /* DetailPageViewController.swift */; };
		F427C1E32A66982700B604DE /* DetailPageViewController.xib in Resources */ = {isa = PBXBuildFile; fileRef = F427C1E12A66982700B604DE /* DetailPageViewController.xib */; };
		F427C1E92A66987100B604DE /* DetailMapper.swift in Sources */ = {isa = PBXBuildFile; fileRef = F427C1E82A66987100B604DE /* DetailMapper.swift */; };
		F427C1ED2A6698A700B604DE /* DetailMovieModel.swift in Sources */ = {isa = PBXBuildFile; fileRef = F427C1EC2A6698A700B604DE /* DetailMovieModel.swift */; };
		F427C1EF2A6698B500B604DE /* DetailPageUseCase.swift in Sources */ = {isa = PBXBuildFile; fileRef = F427C1EE2A6698B500B604DE /* DetailPageUseCase.swift */; };
		F427C1F12A6698C300B604DE /* DetailPageInjection.swift in Sources */ = {isa = PBXBuildFile; fileRef = F427C1F02A6698C300B604DE /* DetailPageInjection.swift */; };
		F427C1F52A66990300B604DE /* DetailPageDefaultRepository.swift in Sources */ = {isa = PBXBuildFile; fileRef = F427C1F42A66990300B604DE /* DetailPageDefaultRepository.swift */; };
		F427C1F82A66992A00B604DE /* DetailPageResponse.swift in Sources */ = {isa = PBXBuildFile; fileRef = F427C1F72A66992A00B604DE /* DetailPageResponse.swift */; };
		F427C1FA2A66995400B604DE /* DetailPageDefaultRemoteDataSource.swift in Sources */ = {isa = PBXBuildFile; fileRef = F427C1F92A66995400B604DE /* DetailPageDefaultRemoteDataSource.swift */; };
		F427C1FD2A66996F00B604DE /* DetailPageEntity.swift in Sources */ = {isa = PBXBuildFile; fileRef = F427C1FC2A66996F00B604DE /* DetailPageEntity.swift */; };
		F427C1FF2A66999700B604DE /* DetailPageDefaultLocalDataSource.swift in Sources */ = {isa = PBXBuildFile; fileRef = F427C1FE2A66999700B604DE /* DetailPageDefaultLocalDataSource.swift */; };
		F427C2062A669A1500B604DE /* HomePageRouter.swift in Sources */ = {isa = PBXBuildFile; fileRef = F427C2052A669A1500B604DE /* HomePageRouter.swift */; };
		F427C2082A669A1F00B604DE /* HomePagePresenter.swift in Sources */ = {isa = PBXBuildFile; fileRef = F427C2072A669A1F00B604DE /* HomePagePresenter.swift */; };
		F427C20B2A669A4800B604DE /* HomePageViewController.swift in Sources */ = {isa = PBXBuildFile; fileRef = F427C2092A669A4800B604DE /* HomePageViewController.swift */; };
		F427C20C2A669A4800B604DE /* HomePageViewController.xib in Resources */ = {isa = PBXBuildFile; fileRef = F427C20A2A669A4800B604DE /* HomePageViewController.xib */; };
		F427C20F2A669A6300B604DE /* HomeMapper.swift in Sources */ = {isa = PBXBuildFile; fileRef = F427C20E2A669A6300B604DE /* HomeMapper.swift */; };
		F427C2142A669A8900B604DE /* MovieListModel.swift in Sources */ = {isa = PBXBuildFile; fileRef = F427C2132A669A8900B604DE /* MovieListModel.swift */; };
		F427C2162A669A9400B604DE /* HomePageUseCase.swift in Sources */ = {isa = PBXBuildFile; fileRef = F427C2152A669A9400B604DE /* HomePageUseCase.swift */; };
		F427C2192A669AC000B604DE /* HomePageInjection.swift in Sources */ = {isa = PBXBuildFile; fileRef = F427C2182A669AC000B604DE /* HomePageInjection.swift */; };
		F427C21E2A669AE700B604DE /* HomePageDefaultRepository.swift in Sources */ = {isa = PBXBuildFile; fileRef = F427C21D2A669AE700B604DE /* HomePageDefaultRepository.swift */; };
		F427C2222A669B5F00B604DE /* MovieListResponse.swift in Sources */ = {isa = PBXBuildFile; fileRef = F427C2212A669B5F00B604DE /* MovieListResponse.swift */; };
		F427C2242A669B6600B604DE /* MovieListEntity.swift in Sources */ = {isa = PBXBuildFile; fileRef = F427C2232A669B6600B604DE /* MovieListEntity.swift */; };
		F427C2262A669BA900B604DE /* HomePageDefaultRemoteDataSource.swift in Sources */ = {isa = PBXBuildFile; fileRef = F427C2252A669BA900B604DE /* HomePageDefaultRemoteDataSource.swift */; };
		F427C2282A669BCF00B604DE /* HomePageDefaultLocalDataSource.swift in Sources */ = {isa = PBXBuildFile; fileRef = F427C2272A669BCF00B604DE /* HomePageDefaultLocalDataSource.swift */; };
		F427C22C2A669E7B00B604DE /* ListCategoryMovieTableViewCell.swift in Sources */ = {isa = PBXBuildFile; fileRef = F427C22A2A669E7B00B604DE /* ListCategoryMovieTableViewCell.swift */; };
		F427C22D2A669E7B00B604DE /* ListCategoryMovieTableViewCell.xib in Resources */ = {isa = PBXBuildFile; fileRef = F427C22B2A669E7B00B604DE /* ListCategoryMovieTableViewCell.xib */; };
		F427C2302A669F6300B604DE /* CardMovieCollectionViewCell.swift in Sources */ = {isa = PBXBuildFile; fileRef = F427C22E2A669F6300B604DE /* CardMovieCollectionViewCell.swift */; };
		F427C2312A669F6300B604DE /* CardMovieCollectionViewCell.xib in Resources */ = {isa = PBXBuildFile; fileRef = F427C22F2A669F6300B604DE /* CardMovieCollectionViewCell.xib */; };
/* End PBXBuildFile section */

/* Begin PBXContainerItemProxy section */
		F4261EC22A64210C00718138 /* PBXContainerItemProxy */ = {
			isa = PBXContainerItemProxy;
			containerPortal = F4261EA32A64210800718138 /* Project object */;
			proxyType = 1;
			remoteGlobalIDString = F4261EAA2A64210800718138;
			remoteInfo = MovieDB;
		};
		F4261ECC2A64210C00718138 /* PBXContainerItemProxy */ = {
			isa = PBXContainerItemProxy;
			containerPortal = F4261EA32A64210800718138 /* Project object */;
			proxyType = 1;
			remoteGlobalIDString = F4261EAA2A64210800718138;
			remoteInfo = MovieDB;
		};
/* End PBXContainerItemProxy section */

/* Begin PBXFileReference section */
		01FFD3BC08584C0588B7C64E /* Pods_MovieDB_MovieDBUITests.framework */ = {isa = PBXFileReference; explicitFileType = wrapper.framework; includeInIndex = 0; path = Pods_MovieDB_MovieDBUITests.framework; sourceTree = BUILT_PRODUCTS_DIR; };
		36CC4E3B2DE4498054272BFC /* Pods-MovieDB.release.xcconfig */ = {isa = PBXFileReference; includeInIndex = 1; lastKnownFileType = text.xcconfig; name = "Pods-MovieDB.release.xcconfig"; path = "Target Support Files/Pods-MovieDB/Pods-MovieDB.release.xcconfig"; sourceTree = "<group>"; };
		583EAF81EB14B5C992D89ED3 /* Pods_MovieDB.framework */ = {isa = PBXFileReference; explicitFileType = wrapper.framework; includeInIndex = 0; path = Pods_MovieDB.framework; sourceTree = BUILT_PRODUCTS_DIR; };
		80DE60EE75F100A243A7C6FD /* Pods-MovieDBTests.release.xcconfig */ = {isa = PBXFileReference; includeInIndex = 1; lastKnownFileType = text.xcconfig; name = "Pods-MovieDBTests.release.xcconfig"; path = "Target Support Files/Pods-MovieDBTests/Pods-MovieDBTests.release.xcconfig"; sourceTree = "<group>"; };
		81F9D84979ACF503F0E776C3 /* Pods-MovieDB.debug.xcconfig */ = {isa = PBXFileReference; includeInIndex = 1; lastKnownFileType = text.xcconfig; name = "Pods-MovieDB.debug.xcconfig"; path = "Target Support Files/Pods-MovieDB/Pods-MovieDB.debug.xcconfig"; sourceTree = "<group>"; };
		AABAA808BDF4673F7556C928 /* Pods-MovieDBTests.debug.xcconfig */ = {isa = PBXFileReference; includeInIndex = 1; lastKnownFileType = text.xcconfig; name = "Pods-MovieDBTests.debug.xcconfig"; path = "Target Support Files/Pods-MovieDBTests/Pods-MovieDBTests.debug.xcconfig"; sourceTree = "<group>"; };
		D4B4807A19419E83DA83C471 /* Pods_MovieDBTests.framework */ = {isa = PBXFileReference; explicitFileType = wrapper.framework; includeInIndex = 0; path = Pods_MovieDBTests.framework; sourceTree = BUILT_PRODUCTS_DIR; };
		E395D26D1BDDBA67B90C078C /* Pods-MovieDB-MovieDBUITests.debug.xcconfig */ = {isa = PBXFileReference; includeInIndex = 1; lastKnownFileType = text.xcconfig; name = "Pods-MovieDB-MovieDBUITests.debug.xcconfig"; path = "Target Support Files/Pods-MovieDB-MovieDBUITests/Pods-MovieDB-MovieDBUITests.debug.xcconfig"; sourceTree = "<group>"; };
		EC6BBEB640D0FDF5E910ED3A /* Pods-MovieDB-MovieDBUITests.release.xcconfig */ = {isa = PBXFileReference; includeInIndex = 1; lastKnownFileType = text.xcconfig; name = "Pods-MovieDB-MovieDBUITests.release.xcconfig"; path = "Target Support Files/Pods-MovieDB-MovieDBUITests/Pods-MovieDB-MovieDBUITests.release.xcconfig"; sourceTree = "<group>"; };
		F4261EAB2A64210800718138 /* MovieDB.app */ = {isa = PBXFileReference; explicitFileType = wrapper.application; includeInIndex = 0; path = MovieDB.app; sourceTree = BUILT_PRODUCTS_DIR; };
		F4261EAE2A64210800718138 /* AppDelegate.swift */ = {isa = PBXFileReference; lastKnownFileType = sourcecode.swift; path = AppDelegate.swift; sourceTree = "<group>"; };
		F4261EB72A64210B00718138 /* Assets.xcassets */ = {isa = PBXFileReference; lastKnownFileType = folder.assetcatalog; path = Assets.xcassets; sourceTree = "<group>"; };
		F4261EBA2A64210C00718138 /* Base */ = {isa = PBXFileReference; lastKnownFileType = file.storyboard; name = Base; path = Base.lproj/LaunchScreen.storyboard; sourceTree = "<group>"; };
		F4261EBC2A64210C00718138 /* Info.plist */ = {isa = PBXFileReference; lastKnownFileType = text.plist.xml; path = Info.plist; sourceTree = "<group>"; };
		F4261EC12A64210C00718138 /* MovieDBTests.xctest */ = {isa = PBXFileReference; explicitFileType = wrapper.cfbundle; includeInIndex = 0; path = MovieDBTests.xctest; sourceTree = BUILT_PRODUCTS_DIR; };
		F4261EC52A64210C00718138 /* MovieDBTests.swift */ = {isa = PBXFileReference; lastKnownFileType = sourcecode.swift; path = MovieDBTests.swift; sourceTree = "<group>"; };
		F4261ECB2A64210C00718138 /* MovieDBUITests.xctest */ = {isa = PBXFileReference; explicitFileType = wrapper.cfbundle; includeInIndex = 0; path = MovieDBUITests.xctest; sourceTree = BUILT_PRODUCTS_DIR; };
		F4261ECF2A64210C00718138 /* MovieDBUITests.swift */ = {isa = PBXFileReference; lastKnownFileType = sourcecode.swift; path = MovieDBUITests.swift; sourceTree = "<group>"; };
		F4261ED12A64210C00718138 /* MovieDBUITestsLaunchTests.swift */ = {isa = PBXFileReference; lastKnownFileType = sourcecode.swift; path = MovieDBUITestsLaunchTests.swift; sourceTree = "<group>"; };
		F427C1DC2A66980500B604DE /* DetailPageRouter.swift */ = {isa = PBXFileReference; lastKnownFileType = sourcecode.swift; path = DetailPageRouter.swift; sourceTree = "<group>"; };
		F427C1DE2A66981000B604DE /* DetailPagePresenter.swift */ = {isa = PBXFileReference; lastKnownFileType = sourcecode.swift; path = DetailPagePresenter.swift; sourceTree = "<group>"; };
		F427C1E02A66982700B604DE /* DetailPageViewController.swift */ = {isa = PBXFileReference; lastKnownFileType = sourcecode.swift; path = DetailPageViewController.swift; sourceTree = "<group>"; };
		F427C1E12A66982700B604DE /* DetailPageViewController.xib */ = {isa = PBXFileReference; lastKnownFileType = file.xib; path = DetailPageViewController.xib; sourceTree = "<group>"; };
		F427C1E82A66987100B604DE /* DetailMapper.swift */ = {isa = PBXFileReference; lastKnownFileType = sourcecode.swift; path = DetailMapper.swift; sourceTree = "<group>"; };
		F427C1EC2A6698A700B604DE /* DetailMovieModel.swift */ = {isa = PBXFileReference; lastKnownFileType = sourcecode.swift; path = DetailMovieModel.swift; sourceTree = "<group>"; };
		F427C1EE2A6698B500B604DE /* DetailPageUseCase.swift */ = {isa = PBXFileReference; lastKnownFileType = sourcecode.swift; path = DetailPageUseCase.swift; sourceTree = "<group>"; };
		F427C1F02A6698C300B604DE /* DetailPageInjection.swift */ = {isa = PBXFileReference; lastKnownFileType = sourcecode.swift; path = DetailPageInjection.swift; sourceTree = "<group>"; };
		F427C1F42A66990300B604DE /* DetailPageDefaultRepository.swift */ = {isa = PBXFileReference; lastKnownFileType = sourcecode.swift; path = DetailPageDefaultRepository.swift; sourceTree = "<group>"; };
		F427C1F72A66992A00B604DE /* DetailPageResponse.swift */ = {isa = PBXFileReference; lastKnownFileType = sourcecode.swift; path = DetailPageResponse.swift; sourceTree = "<group>"; };
		F427C1F92A66995400B604DE /* DetailPageDefaultRemoteDataSource.swift */ = {isa = PBXFileReference; lastKnownFileType = sourcecode.swift; path = DetailPageDefaultRemoteDataSource.swift; sourceTree = "<group>"; };
		F427C1FC2A66996F00B604DE /* DetailPageEntity.swift */ = {isa = PBXFileReference; lastKnownFileType = sourcecode.swift; path = DetailPageEntity.swift; sourceTree = "<group>"; };
		F427C1FE2A66999700B604DE /* DetailPageDefaultLocalDataSource.swift */ = {isa = PBXFileReference; lastKnownFileType = sourcecode.swift; path = DetailPageDefaultLocalDataSource.swift; sourceTree = "<group>"; };
		F427C2052A669A1500B604DE /* HomePageRouter.swift */ = {isa = PBXFileReference; lastKnownFileType = sourcecode.swift; path = HomePageRouter.swift; sourceTree = "<group>"; };
		F427C2072A669A1F00B604DE /* HomePagePresenter.swift */ = {isa = PBXFileReference; lastKnownFileType = sourcecode.swift; path = HomePagePresenter.swift; sourceTree = "<group>"; };
		F427C2092A669A4800B604DE /* HomePageViewController.swift */ = {isa = PBXFileReference; lastKnownFileType = sourcecode.swift; path = HomePageViewController.swift; sourceTree = "<group>"; };
		F427C20A2A669A4800B604DE /* HomePageViewController.xib */ = {isa = PBXFileReference; lastKnownFileType = file.xib; path = HomePageViewController.xib; sourceTree = "<group>"; };
		F427C20E2A669A6300B604DE /* HomeMapper.swift */ = {isa = PBXFileReference; lastKnownFileType = sourcecode.swift; path = HomeMapper.swift; sourceTree = "<group>"; };
		F427C2132A669A8900B604DE /* MovieListModel.swift */ = {isa = PBXFileReference; lastKnownFileType = sourcecode.swift; path = MovieListModel.swift; sourceTree = "<group>"; };
		F427C2152A669A9400B604DE /* HomePageUseCase.swift */ = {isa = PBXFileReference; lastKnownFileType = sourcecode.swift; path = HomePageUseCase.swift; sourceTree = "<group>"; };
		F427C2182A669AC000B604DE /* HomePageInjection.swift */ = {isa = PBXFileReference; lastKnownFileType = sourcecode.swift; path = HomePageInjection.swift; sourceTree = "<group>"; };
		F427C21D2A669AE700B604DE /* HomePageDefaultRepository.swift */ = {isa = PBXFileReference; lastKnownFileType = sourcecode.swift; path = HomePageDefaultRepository.swift; sourceTree = "<group>"; };
		F427C2212A669B5F00B604DE /* MovieListResponse.swift */ = {isa = PBXFileReference; lastKnownFileType = sourcecode.swift; path = MovieListResponse.swift; sourceTree = "<group>"; };
		F427C2232A669B6600B604DE /* MovieListEntity.swift */ = {isa = PBXFileReference; lastKnownFileType = sourcecode.swift; path = MovieListEntity.swift; sourceTree = "<group>"; };
		F427C2252A669BA900B604DE /* HomePageDefaultRemoteDataSource.swift */ = {isa = PBXFileReference; lastKnownFileType = sourcecode.swift; path = HomePageDefaultRemoteDataSource.swift; sourceTree = "<group>"; };
		F427C2272A669BCF00B604DE /* HomePageDefaultLocalDataSource.swift */ = {isa = PBXFileReference; lastKnownFileType = sourcecode.swift; path = HomePageDefaultLocalDataSource.swift; sourceTree = "<group>"; };
		F427C22A2A669E7B00B604DE /* ListCategoryMovieTableViewCell.swift */ = {isa = PBXFileReference; lastKnownFileType = sourcecode.swift; path = ListCategoryMovieTableViewCell.swift; sourceTree = "<group>"; };
		F427C22B2A669E7B00B604DE /* ListCategoryMovieTableViewCell.xib */ = {isa = PBXFileReference; lastKnownFileType = file.xib; path = ListCategoryMovieTableViewCell.xib; sourceTree = "<group>"; };
		F427C22E2A669F6300B604DE /* CardMovieCollectionViewCell.swift */ = {isa = PBXFileReference; lastKnownFileType = sourcecode.swift; path = CardMovieCollectionViewCell.swift; sourceTree = "<group>"; };
		F427C22F2A669F6300B604DE /* CardMovieCollectionViewCell.xib */ = {isa = PBXFileReference; lastKnownFileType = file.xib; path = CardMovieCollectionViewCell.xib; sourceTree = "<group>"; };
/* End PBXFileReference section */

/* Begin PBXFrameworksBuildPhase section */
		F4261EA82A64210800718138 /* Frameworks */ = {
			isa = PBXFrameworksBuildPhase;
			buildActionMask = 2147483647;
			files = (
				E344A8CCD8427D74579878E3 /* Pods_MovieDB.framework in Frameworks */,
			);
			runOnlyForDeploymentPostprocessing = 0;
		};
		F4261EBE2A64210C00718138 /* Frameworks */ = {
			isa = PBXFrameworksBuildPhase;
			buildActionMask = 2147483647;
			files = (
				DD604FEB4CA8CD44DB28A8C0 /* Pods_MovieDBTests.framework in Frameworks */,
			);
			runOnlyForDeploymentPostprocessing = 0;
		};
		F4261EC82A64210C00718138 /* Frameworks */ = {
			isa = PBXFrameworksBuildPhase;
			buildActionMask = 2147483647;
			files = (
				2399663918241D6917012752 /* Pods_MovieDB_MovieDBUITests.framework in Frameworks */,
			);
			runOnlyForDeploymentPostprocessing = 0;
		};
/* End PBXFrameworksBuildPhase section */

/* Begin PBXGroup section */
		07EF9C98AA18442EE2B2793B /* Frameworks */ = {
			isa = PBXGroup;
			children = (
				583EAF81EB14B5C992D89ED3 /* Pods_MovieDB.framework */,
				01FFD3BC08584C0588B7C64E /* Pods_MovieDB_MovieDBUITests.framework */,
				D4B4807A19419E83DA83C471 /* Pods_MovieDBTests.framework */,
			);
			name = Frameworks;
			sourceTree = "<group>";
		};
		19CE46E2580995975189ADCF /* Pods */ = {
			isa = PBXGroup;
			children = (
				81F9D84979ACF503F0E776C3 /* Pods-MovieDB.debug.xcconfig */,
				36CC4E3B2DE4498054272BFC /* Pods-MovieDB.release.xcconfig */,
				E395D26D1BDDBA67B90C078C /* Pods-MovieDB-MovieDBUITests.debug.xcconfig */,
				EC6BBEB640D0FDF5E910ED3A /* Pods-MovieDB-MovieDBUITests.release.xcconfig */,
				AABAA808BDF4673F7556C928 /* Pods-MovieDBTests.debug.xcconfig */,
				80DE60EE75F100A243A7C6FD /* Pods-MovieDBTests.release.xcconfig */,
			);
			path = Pods;
			sourceTree = "<group>";
		};
		F4261EA22A64210800718138 = {
			isa = PBXGroup;
			children = (
				F4261EAD2A64210800718138 /* MovieDB */,
				F4261EC42A64210C00718138 /* MovieDBTests */,
				F4261ECE2A64210C00718138 /* MovieDBUITests */,
				F4261EAC2A64210800718138 /* Products */,
				19CE46E2580995975189ADCF /* Pods */,
				07EF9C98AA18442EE2B2793B /* Frameworks */,
			);
			sourceTree = "<group>";
		};
		F4261EAC2A64210800718138 /* Products */ = {
			isa = PBXGroup;
			children = (
				F4261EAB2A64210800718138 /* MovieDB.app */,
				F4261EC12A64210C00718138 /* MovieDBTests.xctest */,
				F4261ECB2A64210C00718138 /* MovieDBUITests.xctest */,
			);
			name = Products;
			sourceTree = "<group>";
		};
		F4261EAD2A64210800718138 /* MovieDB */ = {
			isa = PBXGroup;
			children = (
				F427C1D22A66975600B604DE /* App */,
				F427C1D32A66976100B604DE /* Module */,
				F427C1D12A66974600B604DE /* Supporting FIles */,
			);
			path = MovieDB;
			sourceTree = "<group>";
		};
		F4261EC42A64210C00718138 /* MovieDBTests */ = {
			isa = PBXGroup;
			children = (
				F4261EC52A64210C00718138 /* MovieDBTests.swift */,
			);
			path = MovieDBTests;
			sourceTree = "<group>";
		};
		F4261ECE2A64210C00718138 /* MovieDBUITests */ = {
			isa = PBXGroup;
			children = (
				F4261ECF2A64210C00718138 /* MovieDBUITests.swift */,
				F4261ED12A64210C00718138 /* MovieDBUITestsLaunchTests.swift */,
			);
			path = MovieDBUITests;
			sourceTree = "<group>";
		};
		F427C1D12A66974600B604DE /* Supporting FIles */ = {
			isa = PBXGroup;
			children = (
				F4261EB72A64210B00718138 /* Assets.xcassets */,
				F4261EB92A64210C00718138 /* LaunchScreen.storyboard */,
				F4261EBC2A64210C00718138 /* Info.plist */,
			);
			path = "Supporting FIles";
			sourceTree = "<group>";
		};
		F427C1D22A66975600B604DE /* App */ = {
			isa = PBXGroup;
			children = (
				F4261EAE2A64210800718138 /* AppDelegate.swift */,
			);
			path = App;
			sourceTree = "<group>";
		};
		F427C1D32A66976100B604DE /* Module */ = {
			isa = PBXGroup;
			children = (
				F427C1D52A66977200B604DE /* Home Page */,
				F427C1D42A66976B00B604DE /* Detail Page */,
			);
			path = Module;
			sourceTree = "<group>";
		};
		F427C1D42A66976B00B604DE /* Detail Page */ = {
			isa = PBXGroup;
			children = (
				F427C1D72A6697D100B604DE /* Core */,
				F427C1D62A6697CA00B604DE /* Presentation */,
			);
			path = "Detail Page";
			sourceTree = "<group>";
		};
		F427C1D52A66977200B604DE /* Home Page */ = {
			isa = PBXGroup;
			children = (
				F427C2012A6699BC00B604DE /* Core */,
				F427C2002A6699B300B604DE /* Presentation */,
			);
			path = "Home Page";
			sourceTree = "<group>";
		};
		F427C1D62A6697CA00B604DE /* Presentation */ = {
			isa = PBXGroup;
			children = (
				F427C1DB2A6697F200B604DE /* View */,
				F427C1DA2A6697E700B604DE /* Presenter */,
				F427C1D92A6697DE00B604DE /* Router */,
			);
			path = Presentation;
			sourceTree = "<group>";
		};
		F427C1D72A6697D100B604DE /* Core */ = {
			isa = PBXGroup;
			children = (
				F427C1E72A66985E00B604DE /* Data */,
				F427C1E62A66985500B604DE /* Dependency Injection */,
				F427C1E52A66984F00B604DE /* Domain */,
				F427C1E42A66984300B604DE /* Utils */,
			);
			path = Core;
			sourceTree = "<group>";
		};
		F427C1D92A6697DE00B604DE /* Router */ = {
			isa = PBXGroup;
			children = (
				F427C1DC2A66980500B604DE /* DetailPageRouter.swift */,
			);
			path = Router;
			sourceTree = "<group>";
		};
		F427C1DA2A6697E700B604DE /* Presenter */ = {
			isa = PBXGroup;
			children = (
				F427C1DE2A66981000B604DE /* DetailPagePresenter.swift */,
			);
			path = Presenter;
			sourceTree = "<group>";
		};
		F427C1DB2A6697F200B604DE /* View */ = {
			isa = PBXGroup;
			children = (
				F427C1E02A66982700B604DE /* DetailPageViewController.swift */,
				F427C1E12A66982700B604DE /* DetailPageViewController.xib */,
			);
			path = View;
			sourceTree = "<group>";
		};
		F427C1E42A66984300B604DE /* Utils */ = {
			isa = PBXGroup;
			children = (
				F427C1E82A66987100B604DE /* DetailMapper.swift */,
			);
			path = Utils;
			sourceTree = "<group>";
		};
		F427C1E52A66984F00B604DE /* Domain */ = {
			isa = PBXGroup;
			children = (
				F427C1EB2A66989900B604DE /* Use */,
				F427C1EA2A66989300B604DE /* Modal */,
			);
			path = Domain;
			sourceTree = "<group>";
		};
		F427C1E62A66985500B604DE /* Dependency Injection */ = {
			isa = PBXGroup;
			children = (
				F427C1F02A6698C300B604DE /* DetailPageInjection.swift */,
			);
			path = "Dependency Injection";
			sourceTree = "<group>";
		};
		F427C1E72A66985E00B604DE /* Data */ = {
			isa = PBXGroup;
			children = (
				F427C1F32A6698CF00B604DE /* Remote */,
				F427C1F22A6698C900B604DE /* Local */,
				F427C1F42A66990300B604DE /* DetailPageDefaultRepository.swift */,
			);
			path = Data;
			sourceTree = "<group>";
		};
		F427C1EA2A66989300B604DE /* Modal */ = {
			isa = PBXGroup;
			children = (
				F427C1EC2A6698A700B604DE /* DetailMovieModel.swift */,
			);
			path = Modal;
			sourceTree = "<group>";
		};
		F427C1EB2A66989900B604DE /* Use */ = {
			isa = PBXGroup;
			children = (
				F427C1EE2A6698B500B604DE /* DetailPageUseCase.swift */,
			);
			path = Use;
			sourceTree = "<group>";
		};
		F427C1F22A6698C900B604DE /* Local */ = {
			isa = PBXGroup;
			children = (
				F427C1FB2A66995F00B604DE /* Entity */,
				F427C1FE2A66999700B604DE /* DetailPageDefaultLocalDataSource.swift */,
			);
			path = Local;
			sourceTree = "<group>";
		};
		F427C1F32A6698CF00B604DE /* Remote */ = {
			isa = PBXGroup;
			children = (
				F427C1F62A66991900B604DE /* Response */,
				F427C1F92A66995400B604DE /* DetailPageDefaultRemoteDataSource.swift */,
			);
			path = Remote;
			sourceTree = "<group>";
		};
		F427C1F62A66991900B604DE /* Response */ = {
			isa = PBXGroup;
			children = (
				F427C1F72A66992A00B604DE /* DetailPageResponse.swift */,
			);
			path = Response;
			sourceTree = "<group>";
		};
		F427C1FB2A66995F00B604DE /* Entity */ = {
			isa = PBXGroup;
			children = (
				F427C1FC2A66996F00B604DE /* DetailPageEntity.swift */,
			);
			path = Entity;
			sourceTree = "<group>";
		};
		F427C2002A6699B300B604DE /* Presentation */ = {
			isa = PBXGroup;
			children = (
				F427C2042A669A0900B604DE /* View */,
				F427C2032A669A0000B604DE /* Presenter */,
				F427C2022A6699D800B604DE /* Router */,
			);
			path = Presentation;
			sourceTree = "<group>";
		};
		F427C2012A6699BC00B604DE /* Core */ = {
			isa = PBXGroup;
			children = (
				F427C21A2A669AC700B604DE /* Data */,
				F427C2172A669AA400B604DE /* Dependency Injection */,
				F427C2102A669A6900B604DE /* Domain */,
				F427C20D2A669A5100B604DE /* Utils */,
			);
			path = Core;
			sourceTree = "<group>";
		};
		F427C2022A6699D800B604DE /* Router */ = {
			isa = PBXGroup;
			children = (
				F427C2052A669A1500B604DE /* HomePageRouter.swift */,
			);
			path = Router;
			sourceTree = "<group>";
		};
		F427C2032A669A0000B604DE /* Presenter */ = {
			isa = PBXGroup;
			children = (
				F427C2072A669A1F00B604DE /* HomePagePresenter.swift */,
			);
			path = Presenter;
			sourceTree = "<group>";
		};
		F427C2042A669A0900B604DE /* View */ = {
			isa = PBXGroup;
			children = (
				F427C2292A669E5400B604DE /* Component */,
				F427C2092A669A4800B604DE /* HomePageViewController.swift */,
				F427C20A2A669A4800B604DE /* HomePageViewController.xib */,
			);
			path = View;
			sourceTree = "<group>";
		};
		F427C20D2A669A5100B604DE /* Utils */ = {
			isa = PBXGroup;
			children = (
				F427C20E2A669A6300B604DE /* HomeMapper.swift */,
			);
			path = Utils;
			sourceTree = "<group>";
		};
		F427C2102A669A6900B604DE /* Domain */ = {
			isa = PBXGroup;
			children = (
				F427C2122A669A7300B604DE /* Use Case */,
				F427C2112A669A6E00B604DE /* Model */,
			);
			path = Domain;
			sourceTree = "<group>";
		};
		F427C2112A669A6E00B604DE /* Model */ = {
			isa = PBXGroup;
			children = (
				F427C2132A669A8900B604DE /* MovieListModel.swift */,
			);
			path = Model;
			sourceTree = "<group>";
		};
		F427C2122A669A7300B604DE /* Use Case */ = {
			isa = PBXGroup;
			children = (
				F427C2152A669A9400B604DE /* HomePageUseCase.swift */,
			);
			path = "Use Case";
			sourceTree = "<group>";
		};
		F427C2172A669AA400B604DE /* Dependency Injection */ = {
			isa = PBXGroup;
			children = (
				F427C2182A669AC000B604DE /* HomePageInjection.swift */,
			);
			path = "Dependency Injection";
			sourceTree = "<group>";
		};
		F427C21A2A669AC700B604DE /* Data */ = {
			isa = PBXGroup;
			children = (
				F427C21C2A669AD500B604DE /* Remote */,
				F427C21B2A669AD100B604DE /* Local */,
				F427C21D2A669AE700B604DE /* HomePageDefaultRepository.swift */,
			);
			path = Data;
			sourceTree = "<group>";
		};
		F427C21B2A669AD100B604DE /* Local */ = {
			isa = PBXGroup;
			children = (
				F427C2202A669B2A00B604DE /* Entity */,
				F427C2272A669BCF00B604DE /* HomePageDefaultLocalDataSource.swift */,
			);
			path = Local;
			sourceTree = "<group>";
		};
		F427C21C2A669AD500B604DE /* Remote */ = {
			isa = PBXGroup;
			children = (
				F427C21F2A669B1A00B604DE /* Response */,
				F427C2252A669BA900B604DE /* HomePageDefaultRemoteDataSource.swift */,
			);
			path = Remote;
			sourceTree = "<group>";
		};
		F427C21F2A669B1A00B604DE /* Response */ = {
			isa = PBXGroup;
			children = (
				F427C2212A669B5F00B604DE /* MovieListResponse.swift */,
			);
			path = Response;
			sourceTree = "<group>";
		};
		F427C2202A669B2A00B604DE /* Entity */ = {
			isa = PBXGroup;
			children = (
				F427C2232A669B6600B604DE /* MovieListEntity.swift */,
			);
			path = Entity;
			sourceTree = "<group>";
		};
		F427C2292A669E5400B604DE /* Component */ = {
			isa = PBXGroup;
			children = (
				F427C22A2A669E7B00B604DE /* ListCategoryMovieTableViewCell.swift */,
				F427C22B2A669E7B00B604DE /* ListCategoryMovieTableViewCell.xib */,
				F427C22E2A669F6300B604DE /* CardMovieCollectionViewCell.swift */,
				F427C22F2A669F6300B604DE /* CardMovieCollectionViewCell.xib */,
			);
			path = Component;
			sourceTree = "<group>";
		};
/* End PBXGroup section */

/* Begin PBXNativeTarget section */
		F4261EAA2A64210800718138 /* MovieDB */ = {
			isa = PBXNativeTarget;
			buildConfigurationList = F4261ED52A64210C00718138 /* Build configuration list for PBXNativeTarget "MovieDB" */;
			buildPhases = (
				7682E46CF5386B9791FD4E0A /* [CP] Check Pods Manifest.lock */,
				F4261EA72A64210800718138 /* Sources */,
				F4261EA82A64210800718138 /* Frameworks */,
				F4261EA92A64210800718138 /* Resources */,
				84FD482D18CBC5C3A03FFD3C /* [CP] Embed Pods Frameworks */,
			);
			buildRules = (
			);
			dependencies = (
			);
			name = MovieDB;
			productName = MovieDB;
			productReference = F4261EAB2A64210800718138 /* MovieDB.app */;
			productType = "com.apple.product-type.application";
		};
		F4261EC02A64210C00718138 /* MovieDBTests */ = {
			isa = PBXNativeTarget;
			buildConfigurationList = F4261ED82A64210C00718138 /* Build configuration list for PBXNativeTarget "MovieDBTests" */;
			buildPhases = (
				D2F5D2E9502DFA3E7932B89A /* [CP] Check Pods Manifest.lock */,
				F4261EBD2A64210C00718138 /* Sources */,
				F4261EBE2A64210C00718138 /* Frameworks */,
				F4261EBF2A64210C00718138 /* Resources */,
			);
			buildRules = (
			);
			dependencies = (
				F4261EC32A64210C00718138 /* PBXTargetDependency */,
			);
			name = MovieDBTests;
			productName = MovieDBTests;
			productReference = F4261EC12A64210C00718138 /* MovieDBTests.xctest */;
			productType = "com.apple.product-type.bundle.unit-test";
		};
		F4261ECA2A64210C00718138 /* MovieDBUITests */ = {
			isa = PBXNativeTarget;
			buildConfigurationList = F4261EDB2A64210C00718138 /* Build configuration list for PBXNativeTarget "MovieDBUITests" */;
			buildPhases = (
				EF8705362E092F1C3280A15D /* [CP] Check Pods Manifest.lock */,
				F4261EC72A64210C00718138 /* Sources */,
				F4261EC82A64210C00718138 /* Frameworks */,
				F4261EC92A64210C00718138 /* Resources */,
				97AB9DE453CC1FBB4BDAF3E5 /* [CP] Embed Pods Frameworks */,
			);
			buildRules = (
			);
			dependencies = (
				F4261ECD2A64210C00718138 /* PBXTargetDependency */,
			);
			name = MovieDBUITests;
			productName = MovieDBUITests;
			productReference = F4261ECB2A64210C00718138 /* MovieDBUITests.xctest */;
			productType = "com.apple.product-type.bundle.ui-testing";
		};
/* End PBXNativeTarget section */

/* Begin PBXProject section */
		F4261EA32A64210800718138 /* Project object */ = {
			isa = PBXProject;
			attributes = {
				BuildIndependentTargetsInParallel = 1;
				LastSwiftUpdateCheck = 1430;
				LastUpgradeCheck = 1430;
				TargetAttributes = {
					F4261EAA2A64210800718138 = {
						CreatedOnToolsVersion = 14.3;
					};
					F4261EC02A64210C00718138 = {
						CreatedOnToolsVersion = 14.3;
						TestTargetID = F4261EAA2A64210800718138;
					};
					F4261ECA2A64210C00718138 = {
						CreatedOnToolsVersion = 14.3;
						TestTargetID = F4261EAA2A64210800718138;
					};
				};
			};
			buildConfigurationList = F4261EA62A64210800718138 /* Build configuration list for PBXProject "MovieDB" */;
			compatibilityVersion = "Xcode 14.0";
			developmentRegion = en;
			hasScannedForEncodings = 0;
			knownRegions = (
				en,
				Base,
			);
			mainGroup = F4261EA22A64210800718138;
			productRefGroup = F4261EAC2A64210800718138 /* Products */;
			projectDirPath = "";
			projectRoot = "";
			targets = (
				F4261EAA2A64210800718138 /* MovieDB */,
				F4261EC02A64210C00718138 /* MovieDBTests */,
				F4261ECA2A64210C00718138 /* MovieDBUITests */,
			);
		};
/* End PBXProject section */

/* Begin PBXResourcesBuildPhase section */
		F4261EA92A64210800718138 /* Resources */ = {
			isa = PBXResourcesBuildPhase;
			buildActionMask = 2147483647;
			files = (
				F427C20C2A669A4800B604DE /* HomePageViewController.xib in Resources */,
				F4261EBB2A64210C00718138 /* LaunchScreen.storyboard in Resources */,
				F4261EB82A64210B00718138 /* Assets.xcassets in Resources */,
				F427C2312A669F6300B604DE /* CardMovieCollectionViewCell.xib in Resources */,
				F427C1E32A66982700B604DE /* DetailPageViewController.xib in Resources */,
				F427C22D2A669E7B00B604DE /* ListCategoryMovieTableViewCell.xib in Resources */,
			);
			runOnlyForDeploymentPostprocessing = 0;
		};
		F4261EBF2A64210C00718138 /* Resources */ = {
			isa = PBXResourcesBuildPhase;
			buildActionMask = 2147483647;
			files = (
			);
			runOnlyForDeploymentPostprocessing = 0;
		};
		F4261EC92A64210C00718138 /* Resources */ = {
			isa = PBXResourcesBuildPhase;
			buildActionMask = 2147483647;
			files = (
			);
			runOnlyForDeploymentPostprocessing = 0;
		};
/* End PBXResourcesBuildPhase section */

/* Begin PBXShellScriptBuildPhase section */
		7682E46CF5386B9791FD4E0A /* [CP] Check Pods Manifest.lock */ = {
			isa = PBXShellScriptBuildPhase;
			buildActionMask = 2147483647;
			files = (
			);
			inputFileListPaths = (
			);
			inputPaths = (
				"${PODS_PODFILE_DIR_PATH}/Podfile.lock",
				"${PODS_ROOT}/Manifest.lock",
			);
			name = "[CP] Check Pods Manifest.lock";
			outputFileListPaths = (
			);
			outputPaths = (
				"$(DERIVED_FILE_DIR)/Pods-MovieDB-checkManifestLockResult.txt",
			);
			runOnlyForDeploymentPostprocessing = 0;
			shellPath = /bin/sh;
			shellScript = "diff \"${PODS_PODFILE_DIR_PATH}/Podfile.lock\" \"${PODS_ROOT}/Manifest.lock\" > /dev/null\nif [ $? != 0 ] ; then\n    # print error to STDERR\n    echo \"error: The sandbox is not in sync with the Podfile.lock. Run 'pod install' or update your CocoaPods installation.\" >&2\n    exit 1\nfi\n# This output is used by Xcode 'outputs' to avoid re-running this script phase.\necho \"SUCCESS\" > \"${SCRIPT_OUTPUT_FILE_0}\"\n";
			showEnvVarsInLog = 0;
		};
		84FD482D18CBC5C3A03FFD3C /* [CP] Embed Pods Frameworks */ = {
			isa = PBXShellScriptBuildPhase;
			buildActionMask = 2147483647;
			files = (
			);
			inputFileListPaths = (
				"${PODS_ROOT}/Target Support Files/Pods-MovieDB/Pods-MovieDB-frameworks-${CONFIGURATION}-input-files.xcfilelist",
			);
			name = "[CP] Embed Pods Frameworks";
			outputFileListPaths = (
				"${PODS_ROOT}/Target Support Files/Pods-MovieDB/Pods-MovieDB-frameworks-${CONFIGURATION}-output-files.xcfilelist",
			);
			runOnlyForDeploymentPostprocessing = 0;
			shellPath = /bin/sh;
			shellScript = "\"${PODS_ROOT}/Target Support Files/Pods-MovieDB/Pods-MovieDB-frameworks.sh\"\n";
			showEnvVarsInLog = 0;
		};
		97AB9DE453CC1FBB4BDAF3E5 /* [CP] Embed Pods Frameworks */ = {
			isa = PBXShellScriptBuildPhase;
			buildActionMask = 2147483647;
			files = (
			);
			inputFileListPaths = (
				"${PODS_ROOT}/Target Support Files/Pods-MovieDB-MovieDBUITests/Pods-MovieDB-MovieDBUITests-frameworks-${CONFIGURATION}-input-files.xcfilelist",
			);
			name = "[CP] Embed Pods Frameworks";
			outputFileListPaths = (
				"${PODS_ROOT}/Target Support Files/Pods-MovieDB-MovieDBUITests/Pods-MovieDB-MovieDBUITests-frameworks-${CONFIGURATION}-output-files.xcfilelist",
			);
			runOnlyForDeploymentPostprocessing = 0;
			shellPath = /bin/sh;
			shellScript = "\"${PODS_ROOT}/Target Support Files/Pods-MovieDB-MovieDBUITests/Pods-MovieDB-MovieDBUITests-frameworks.sh\"\n";
			showEnvVarsInLog = 0;
		};
		D2F5D2E9502DFA3E7932B89A /* [CP] Check Pods Manifest.lock */ = {
			isa = PBXShellScriptBuildPhase;
			buildActionMask = 2147483647;
			files = (
			);
			inputFileListPaths = (
			);
			inputPaths = (
				"${PODS_PODFILE_DIR_PATH}/Podfile.lock",
				"${PODS_ROOT}/Manifest.lock",
			);
			name = "[CP] Check Pods Manifest.lock";
			outputFileListPaths = (
			);
			outputPaths = (
				"$(DERIVED_FILE_DIR)/Pods-MovieDBTests-checkManifestLockResult.txt",
			);
			runOnlyForDeploymentPostprocessing = 0;
			shellPath = /bin/sh;
			shellScript = "diff \"${PODS_PODFILE_DIR_PATH}/Podfile.lock\" \"${PODS_ROOT}/Manifest.lock\" > /dev/null\nif [ $? != 0 ] ; then\n    # print error to STDERR\n    echo \"error: The sandbox is not in sync with the Podfile.lock. Run 'pod install' or update your CocoaPods installation.\" >&2\n    exit 1\nfi\n# This output is used by Xcode 'outputs' to avoid re-running this script phase.\necho \"SUCCESS\" > \"${SCRIPT_OUTPUT_FILE_0}\"\n";
			showEnvVarsInLog = 0;
		};
		EF8705362E092F1C3280A15D /* [CP] Check Pods Manifest.lock */ = {
			isa = PBXShellScriptBuildPhase;
			buildActionMask = 2147483647;
			files = (
			);
			inputFileListPaths = (
			);
			inputPaths = (
				"${PODS_PODFILE_DIR_PATH}/Podfile.lock",
				"${PODS_ROOT}/Manifest.lock",
			);
			name = "[CP] Check Pods Manifest.lock";
			outputFileListPaths = (
			);
			outputPaths = (
				"$(DERIVED_FILE_DIR)/Pods-MovieDB-MovieDBUITests-checkManifestLockResult.txt",
			);
			runOnlyForDeploymentPostprocessing = 0;
			shellPath = /bin/sh;
			shellScript = "diff \"${PODS_PODFILE_DIR_PATH}/Podfile.lock\" \"${PODS_ROOT}/Manifest.lock\" > /dev/null\nif [ $? != 0 ] ; then\n    # print error to STDERR\n    echo \"error: The sandbox is not in sync with the Podfile.lock. Run 'pod install' or update your CocoaPods installation.\" >&2\n    exit 1\nfi\n# This output is used by Xcode 'outputs' to avoid re-running this script phase.\necho \"SUCCESS\" > \"${SCRIPT_OUTPUT_FILE_0}\"\n";
			showEnvVarsInLog = 0;
		};
/* End PBXShellScriptBuildPhase section */

/* Begin PBXSourcesBuildPhase section */
		F4261EA72A64210800718138 /* Sources */ = {
			isa = PBXSourcesBuildPhase;
			buildActionMask = 2147483647;
			files = (
				F427C2142A669A8900B604DE /* MovieListModel.swift in Sources */,
				F427C2302A669F6300B604DE /* CardMovieCollectionViewCell.swift in Sources */,
				F427C2282A669BCF00B604DE /* HomePageDefaultLocalDataSource.swift in Sources */,
				F427C22C2A669E7B00B604DE /* ListCategoryMovieTableViewCell.swift in Sources */,
				F427C1FF2A66999700B604DE /* DetailPageDefaultLocalDataSource.swift in Sources */,
				F427C2262A669BA900B604DE /* HomePageDefaultRemoteDataSource.swift in Sources */,
				F427C1E22A66982700B604DE /* DetailPageViewController.swift in Sources */,
				F427C1E92A66987100B604DE /* DetailMapper.swift in Sources */,
				F427C1DF2A66981000B604DE /* DetailPagePresenter.swift in Sources */,
				F427C2222A669B5F00B604DE /* MovieListResponse.swift in Sources */,
				F427C1F82A66992A00B604DE /* DetailPageResponse.swift in Sources */,
				F427C2162A669A9400B604DE /* HomePageUseCase.swift in Sources */,
				F427C1FA2A66995400B604DE /* DetailPageDefaultRemoteDataSource.swift in Sources */,
				F427C1DD2A66980500B604DE /* DetailPageRouter.swift in Sources */,
				F427C20F2A669A6300B604DE /* HomeMapper.swift in Sources */,
				F427C1EF2A6698B500B604DE /* DetailPageUseCase.swift in Sources */,
				F427C2082A669A1F00B604DE /* HomePagePresenter.swift in Sources */,
				F427C2062A669A1500B604DE /* HomePageRouter.swift in Sources */,
				F4261EAF2A64210800718138 /* AppDelegate.swift in Sources */,
				F427C1ED2A6698A700B604DE /* DetailMovieModel.swift in Sources */,
				F427C20B2A669A4800B604DE /* HomePageViewController.swift in Sources */,
				F427C1F52A66990300B604DE /* DetailPageDefaultRepository.swift in Sources */,
				F427C1FD2A66996F00B604DE /* DetailPageEntity.swift in Sources */,
				F427C21E2A669AE700B604DE /* HomePageDefaultRepository.swift in Sources */,
				F427C1F12A6698C300B604DE /* DetailPageInjection.swift in Sources */,
				F427C2242A669B6600B604DE /* MovieListEntity.swift in Sources */,
				F427C2192A669AC000B604DE /* HomePageInjection.swift in Sources */,
			);
			runOnlyForDeploymentPostprocessing = 0;
		};
		F4261EBD2A64210C00718138 /* Sources */ = {
			isa = PBXSourcesBuildPhase;
			buildActionMask = 2147483647;
			files = (
				F4261EC62A64210C00718138 /* MovieDBTests.swift in Sources */,
			);
			runOnlyForDeploymentPostprocessing = 0;
		};
		F4261EC72A64210C00718138 /* Sources */ = {
			isa = PBXSourcesBuildPhase;
			buildActionMask = 2147483647;
			files = (
				F4261ED02A64210C00718138 /* MovieDBUITests.swift in Sources */,
				F4261ED22A64210C00718138 /* MovieDBUITestsLaunchTests.swift in Sources */,
			);
			runOnlyForDeploymentPostprocessing = 0;
		};
/* End PBXSourcesBuildPhase section */

/* Begin PBXTargetDependency section */
		F4261EC32A64210C00718138 /* PBXTargetDependency */ = {
			isa = PBXTargetDependency;
			target = F4261EAA2A64210800718138 /* MovieDB */;
			targetProxy = F4261EC22A64210C00718138 /* PBXContainerItemProxy */;
		};
		F4261ECD2A64210C00718138 /* PBXTargetDependency */ = {
			isa = PBXTargetDependency;
			target = F4261EAA2A64210800718138 /* MovieDB */;
			targetProxy = F4261ECC2A64210C00718138 /* PBXContainerItemProxy */;
		};
/* End PBXTargetDependency section */

/* Begin PBXVariantGroup section */
		F4261EB92A64210C00718138 /* LaunchScreen.storyboard */ = {
			isa = PBXVariantGroup;
			children = (
				F4261EBA2A64210C00718138 /* Base */,
			);
			name = LaunchScreen.storyboard;
			sourceTree = "<group>";
		};
/* End PBXVariantGroup section */

/* Begin XCBuildConfiguration section */
		F4261ED32A64210C00718138 /* Debug */ = {
			isa = XCBuildConfiguration;
			buildSettings = {
				ALWAYS_SEARCH_USER_PATHS = NO;
				CLANG_ANALYZER_NONNULL = YES;
				CLANG_ANALYZER_NUMBER_OBJECT_CONVERSION = YES_AGGRESSIVE;
				CLANG_CXX_LANGUAGE_STANDARD = "gnu++20";
				CLANG_ENABLE_MODULES = YES;
				CLANG_ENABLE_OBJC_ARC = YES;
				CLANG_ENABLE_OBJC_WEAK = YES;
				CLANG_WARN_BLOCK_CAPTURE_AUTORELEASING = YES;
				CLANG_WARN_BOOL_CONVERSION = YES;
				CLANG_WARN_COMMA = YES;
				CLANG_WARN_CONSTANT_CONVERSION = YES;
				CLANG_WARN_DEPRECATED_OBJC_IMPLEMENTATIONS = YES;
				CLANG_WARN_DIRECT_OBJC_ISA_USAGE = YES_ERROR;
				CLANG_WARN_DOCUMENTATION_COMMENTS = YES;
				CLANG_WARN_EMPTY_BODY = YES;
				CLANG_WARN_ENUM_CONVERSION = YES;
				CLANG_WARN_INFINITE_RECURSION = YES;
				CLANG_WARN_INT_CONVERSION = YES;
				CLANG_WARN_NON_LITERAL_NULL_CONVERSION = YES;
				CLANG_WARN_OBJC_IMPLICIT_RETAIN_SELF = YES;
				CLANG_WARN_OBJC_LITERAL_CONVERSION = YES;
				CLANG_WARN_OBJC_ROOT_CLASS = YES_ERROR;
				CLANG_WARN_QUOTED_INCLUDE_IN_FRAMEWORK_HEADER = YES;
				CLANG_WARN_RANGE_LOOP_ANALYSIS = YES;
				CLANG_WARN_STRICT_PROTOTYPES = YES;
				CLANG_WARN_SUSPICIOUS_MOVE = YES;
				CLANG_WARN_UNGUARDED_AVAILABILITY = YES_AGGRESSIVE;
				CLANG_WARN_UNREACHABLE_CODE = YES;
				CLANG_WARN__DUPLICATE_METHOD_MATCH = YES;
				COPY_PHASE_STRIP = NO;
				DEBUG_INFORMATION_FORMAT = dwarf;
				ENABLE_STRICT_OBJC_MSGSEND = YES;
				ENABLE_TESTABILITY = YES;
				GCC_C_LANGUAGE_STANDARD = gnu11;
				GCC_DYNAMIC_NO_PIC = NO;
				GCC_NO_COMMON_BLOCKS = YES;
				GCC_OPTIMIZATION_LEVEL = 0;
				GCC_PREPROCESSOR_DEFINITIONS = (
					"DEBUG=1",
					"$(inherited)",
				);
				GCC_WARN_64_TO_32_BIT_CONVERSION = YES;
				GCC_WARN_ABOUT_RETURN_TYPE = YES_ERROR;
				GCC_WARN_UNDECLARED_SELECTOR = YES;
				GCC_WARN_UNINITIALIZED_AUTOS = YES_AGGRESSIVE;
				GCC_WARN_UNUSED_FUNCTION = YES;
				GCC_WARN_UNUSED_VARIABLE = YES;
				IPHONEOS_DEPLOYMENT_TARGET = 16.4;
				MTL_ENABLE_DEBUG_INFO = INCLUDE_SOURCE;
				MTL_FAST_MATH = YES;
				ONLY_ACTIVE_ARCH = YES;
				SDKROOT = iphoneos;
				SWIFT_ACTIVE_COMPILATION_CONDITIONS = DEBUG;
				SWIFT_OPTIMIZATION_LEVEL = "-Onone";
			};
			name = Debug;
		};
		F4261ED42A64210C00718138 /* Release */ = {
			isa = XCBuildConfiguration;
			buildSettings = {
				ALWAYS_SEARCH_USER_PATHS = NO;
				CLANG_ANALYZER_NONNULL = YES;
				CLANG_ANALYZER_NUMBER_OBJECT_CONVERSION = YES_AGGRESSIVE;
				CLANG_CXX_LANGUAGE_STANDARD = "gnu++20";
				CLANG_ENABLE_MODULES = YES;
				CLANG_ENABLE_OBJC_ARC = YES;
				CLANG_ENABLE_OBJC_WEAK = YES;
				CLANG_WARN_BLOCK_CAPTURE_AUTORELEASING = YES;
				CLANG_WARN_BOOL_CONVERSION = YES;
				CLANG_WARN_COMMA = YES;
				CLANG_WARN_CONSTANT_CONVERSION = YES;
				CLANG_WARN_DEPRECATED_OBJC_IMPLEMENTATIONS = YES;
				CLANG_WARN_DIRECT_OBJC_ISA_USAGE = YES_ERROR;
				CLANG_WARN_DOCUMENTATION_COMMENTS = YES;
				CLANG_WARN_EMPTY_BODY = YES;
				CLANG_WARN_ENUM_CONVERSION = YES;
				CLANG_WARN_INFINITE_RECURSION = YES;
				CLANG_WARN_INT_CONVERSION = YES;
				CLANG_WARN_NON_LITERAL_NULL_CONVERSION = YES;
				CLANG_WARN_OBJC_IMPLICIT_RETAIN_SELF = YES;
				CLANG_WARN_OBJC_LITERAL_CONVERSION = YES;
				CLANG_WARN_OBJC_ROOT_CLASS = YES_ERROR;
				CLANG_WARN_QUOTED_INCLUDE_IN_FRAMEWORK_HEADER = YES;
				CLANG_WARN_RANGE_LOOP_ANALYSIS = YES;
				CLANG_WARN_STRICT_PROTOTYPES = YES;
				CLANG_WARN_SUSPICIOUS_MOVE = YES;
				CLANG_WARN_UNGUARDED_AVAILABILITY = YES_AGGRESSIVE;
				CLANG_WARN_UNREACHABLE_CODE = YES;
				CLANG_WARN__DUPLICATE_METHOD_MATCH = YES;
				COPY_PHASE_STRIP = NO;
				DEBUG_INFORMATION_FORMAT = "dwarf-with-dsym";
				ENABLE_NS_ASSERTIONS = NO;
				ENABLE_STRICT_OBJC_MSGSEND = YES;
				GCC_C_LANGUAGE_STANDARD = gnu11;
				GCC_NO_COMMON_BLOCKS = YES;
				GCC_WARN_64_TO_32_BIT_CONVERSION = YES;
				GCC_WARN_ABOUT_RETURN_TYPE = YES_ERROR;
				GCC_WARN_UNDECLARED_SELECTOR = YES;
				GCC_WARN_UNINITIALIZED_AUTOS = YES_AGGRESSIVE;
				GCC_WARN_UNUSED_FUNCTION = YES;
				GCC_WARN_UNUSED_VARIABLE = YES;
				IPHONEOS_DEPLOYMENT_TARGET = 16.4;
				MTL_ENABLE_DEBUG_INFO = NO;
				MTL_FAST_MATH = YES;
				SDKROOT = iphoneos;
				SWIFT_COMPILATION_MODE = wholemodule;
				SWIFT_OPTIMIZATION_LEVEL = "-O";
				VALIDATE_PRODUCT = YES;
			};
			name = Release;
		};
		F4261ED62A64210C00718138 /* Debug */ = {
			isa = XCBuildConfiguration;
			baseConfigurationReference = 81F9D84979ACF503F0E776C3 /* Pods-MovieDB.debug.xcconfig */;
			buildSettings = {
				ASSETCATALOG_COMPILER_APPICON_NAME = AppIcon;
				ASSETCATALOG_COMPILER_GLOBAL_ACCENT_COLOR_NAME = AccentColor;
				CODE_SIGN_STYLE = Automatic;
				CURRENT_PROJECT_VERSION = 1;
				DEVELOPMENT_TEAM = 54LBDS3ZS9;
				GENERATE_INFOPLIST_FILE = YES;
				INFOPLIST_FILE = "MovieDB/Supporting Files/Info.plist";
				INFOPLIST_KEY_UIApplicationSupportsIndirectInputEvents = YES;
				INFOPLIST_KEY_UILaunchStoryboardName = LaunchScreen;
				INFOPLIST_KEY_UISupportedInterfaceOrientations_iPad = "UIInterfaceOrientationPortrait UIInterfaceOrientationPortraitUpsideDown UIInterfaceOrientationLandscapeLeft UIInterfaceOrientationLandscapeRight";
				INFOPLIST_KEY_UISupportedInterfaceOrientations_iPhone = "UIInterfaceOrientationPortrait UIInterfaceOrientationLandscapeLeft UIInterfaceOrientationLandscapeRight";
				LD_RUNPATH_SEARCH_PATHS = (
					"$(inherited)",
					"@executable_path/Frameworks",
				);
				MARKETING_VERSION = 1.0;
				PRODUCT_BUNDLE_IDENTIFIER = com.carlos.movie.MovieDB;
				PRODUCT_NAME = "$(TARGET_NAME)";
				SWIFT_EMIT_LOC_STRINGS = YES;
				SWIFT_VERSION = 5.0;
				TARGETED_DEVICE_FAMILY = "1,2";
			};
			name = Debug;
		};
		F4261ED72A64210C00718138 /* Release */ = {
			isa = XCBuildConfiguration;
			baseConfigurationReference = 36CC4E3B2DE4498054272BFC /* Pods-MovieDB.release.xcconfig */;
			buildSettings = {
				ASSETCATALOG_COMPILER_APPICON_NAME = AppIcon;
				ASSETCATALOG_COMPILER_GLOBAL_ACCENT_COLOR_NAME = AccentColor;
				CODE_SIGN_STYLE = Automatic;
				CURRENT_PROJECT_VERSION = 1;
				DEVELOPMENT_TEAM = 54LBDS3ZS9;
				GENERATE_INFOPLIST_FILE = YES;
				INFOPLIST_FILE = "MovieDB/Supporting Files/Info.plist";
				INFOPLIST_KEY_UIApplicationSupportsIndirectInputEvents = YES;
				INFOPLIST_KEY_UILaunchStoryboardName = LaunchScreen;
				INFOPLIST_KEY_UISupportedInterfaceOrientations_iPad = "UIInterfaceOrientationPortrait UIInterfaceOrientationPortraitUpsideDown UIInterfaceOrientationLandscapeLeft UIInterfaceOrientationLandscapeRight";
				INFOPLIST_KEY_UISupportedInterfaceOrientations_iPhone = "UIInterfaceOrientationPortrait UIInterfaceOrientationLandscapeLeft UIInterfaceOrientationLandscapeRight";
				LD_RUNPATH_SEARCH_PATHS = (
					"$(inherited)",
					"@executable_path/Frameworks",
				);
				MARKETING_VERSION = 1.0;
				PRODUCT_BUNDLE_IDENTIFIER = com.carlos.movie.MovieDB;
				PRODUCT_NAME = "$(TARGET_NAME)";
				SWIFT_EMIT_LOC_STRINGS = YES;
				SWIFT_VERSION = 5.0;
				TARGETED_DEVICE_FAMILY = "1,2";
			};
			name = Release;
		};
		F4261ED92A64210C00718138 /* Debug */ = {
			isa = XCBuildConfiguration;
			baseConfigurationReference = AABAA808BDF4673F7556C928 /* Pods-MovieDBTests.debug.xcconfig */;
			buildSettings = {
				ALWAYS_EMBED_SWIFT_STANDARD_LIBRARIES = YES;
				BUNDLE_LOADER = "$(TEST_HOST)";
				CODE_SIGN_STYLE = Automatic;
				CURRENT_PROJECT_VERSION = 1;
				DEVELOPMENT_TEAM = 54LBDS3ZS9;
				GENERATE_INFOPLIST_FILE = YES;
				IPHONEOS_DEPLOYMENT_TARGET = 16.4;
				MARKETING_VERSION = 1.0;
				PRODUCT_BUNDLE_IDENTIFIER = com.carlos.movie.MovieDBTests;
				PRODUCT_NAME = "$(TARGET_NAME)";
				SWIFT_EMIT_LOC_STRINGS = NO;
				SWIFT_VERSION = 5.0;
				TARGETED_DEVICE_FAMILY = "1,2";
				TEST_HOST = "$(BUILT_PRODUCTS_DIR)/MovieDB.app/$(BUNDLE_EXECUTABLE_FOLDER_PATH)/MovieDB";
			};
			name = Debug;
		};
		F4261EDA2A64210C00718138 /* Release */ = {
			isa = XCBuildConfiguration;
			baseConfigurationReference = 80DE60EE75F100A243A7C6FD /* Pods-MovieDBTests.release.xcconfig */;
			buildSettings = {
				ALWAYS_EMBED_SWIFT_STANDARD_LIBRARIES = YES;
				BUNDLE_LOADER = "$(TEST_HOST)";
				CODE_SIGN_STYLE = Automatic;
				CURRENT_PROJECT_VERSION = 1;
				DEVELOPMENT_TEAM = 54LBDS3ZS9;
				GENERATE_INFOPLIST_FILE = YES;
				IPHONEOS_DEPLOYMENT_TARGET = 16.4;
				MARKETING_VERSION = 1.0;
				PRODUCT_BUNDLE_IDENTIFIER = com.carlos.movie.MovieDBTests;
				PRODUCT_NAME = "$(TARGET_NAME)";
				SWIFT_EMIT_LOC_STRINGS = NO;
				SWIFT_VERSION = 5.0;
				TARGETED_DEVICE_FAMILY = "1,2";
				TEST_HOST = "$(BUILT_PRODUCTS_DIR)/MovieDB.app/$(BUNDLE_EXECUTABLE_FOLDER_PATH)/MovieDB";
			};
			name = Release;
		};
		F4261EDC2A64210C00718138 /* Debug */ = {
			isa = XCBuildConfiguration;
			baseConfigurationReference = E395D26D1BDDBA67B90C078C /* Pods-MovieDB-MovieDBUITests.debug.xcconfig */;
			buildSettings = {
				ALWAYS_EMBED_SWIFT_STANDARD_LIBRARIES = YES;
				CODE_SIGN_STYLE = Automatic;
				CURRENT_PROJECT_VERSION = 1;
				DEVELOPMENT_TEAM = 54LBDS3ZS9;
				GENERATE_INFOPLIST_FILE = YES;
				MARKETING_VERSION = 1.0;
				PRODUCT_BUNDLE_IDENTIFIER = com.carlos.movie.MovieDBUITests;
				PRODUCT_NAME = "$(TARGET_NAME)";
				SWIFT_EMIT_LOC_STRINGS = NO;
				SWIFT_VERSION = 5.0;
				TARGETED_DEVICE_FAMILY = "1,2";
				TEST_TARGET_NAME = MovieDB;
			};
			name = Debug;
		};
		F4261EDD2A64210C00718138 /* Release */ = {
			isa = XCBuildConfiguration;
			baseConfigurationReference = EC6BBEB640D0FDF5E910ED3A /* Pods-MovieDB-MovieDBUITests.release.xcconfig */;
			buildSettings = {
				ALWAYS_EMBED_SWIFT_STANDARD_LIBRARIES = YES;
				CODE_SIGN_STYLE = Automatic;
				CURRENT_PROJECT_VERSION = 1;
				DEVELOPMENT_TEAM = 54LBDS3ZS9;
				GENERATE_INFOPLIST_FILE = YES;
				MARKETING_VERSION = 1.0;
				PRODUCT_BUNDLE_IDENTIFIER = com.carlos.movie.MovieDBUITests;
				PRODUCT_NAME = "$(TARGET_NAME)";
				SWIFT_EMIT_LOC_STRINGS = NO;
				SWIFT_VERSION = 5.0;
				TARGETED_DEVICE_FAMILY = "1,2";
				TEST_TARGET_NAME = MovieDB;
			};
			name = Release;
		};
/* End XCBuildConfiguration section */

/* Begin XCConfigurationList section */
		F4261EA62A64210800718138 /* Build configuration list for PBXProject "MovieDB" */ = {
			isa = XCConfigurationList;
			buildConfigurations = (
				F4261ED32A64210C00718138 /* Debug */,
				F4261ED42A64210C00718138 /* Release */,
			);
			defaultConfigurationIsVisible = 0;
			defaultConfigurationName = Release;
		};
		F4261ED52A64210C00718138 /* Build configuration list for PBXNativeTarget "MovieDB" */ = {
			isa = XCConfigurationList;
			buildConfigurations = (
				F4261ED62A64210C00718138 /* Debug */,
				F4261ED72A64210C00718138 /* Release */,
			);
			defaultConfigurationIsVisible = 0;
			defaultConfigurationName = Release;
		};
		F4261ED82A64210C00718138 /* Build configuration list for PBXNativeTarget "MovieDBTests" */ = {
			isa = XCConfigurationList;
			buildConfigurations = (
				F4261ED92A64210C00718138 /* Debug */,
				F4261EDA2A64210C00718138 /* Release */,
			);
			defaultConfigurationIsVisible = 0;
			defaultConfigurationName = Release;
		};
		F4261EDB2A64210C00718138 /* Build configuration list for PBXNativeTarget "MovieDBUITests" */ = {
			isa = XCConfigurationList;
			buildConfigurations = (
				F4261EDC2A64210C00718138 /* Debug */,
				F4261EDD2A64210C00718138 /* Release */,
			);
			defaultConfigurationIsVisible = 0;
			defaultConfigurationName = Release;
		};
/* End XCConfigurationList section */
	};
	rootObject = F4261EA32A64210800718138 /* Project object */;
}
