// !$*UTF8*$!
{
	archiveVersion = 1;
	classes = {
	};
	objectVersion = 56;
	objects = {

/* Begin PBXBuildFile section */
		F4261EAF2A64210800718138 /* AppDelegate.swift in Sources */ = {isa = PBXBuildFile; fileRef = F4261EAE2A64210800718138 /* AppDelegate.swift */; };
		F4261EB12A64210800718138 /* SceneDelegate.swift in Sources */ = {isa = PBXBuildFile; fileRef = F4261EB02A64210800718138 /* SceneDelegate.swift */; };
		F4261EB32A64210800718138 /* ViewController.swift in Sources */ = {isa = PBXBuildFile; fileRef = F4261EB22A64210800718138 /* ViewController.swift */; };
		F4261EB62A64210800718138 /* Main.storyboard in Resources */ = {isa = PBXBuildFile; fileRef = F4261EB42A64210800718138 /* Main.storyboard */; };
		F4261EB82A64210B00718138 /* Assets.xcassets in Resources */ = {isa = PBXBuildFile; fileRef = F4261EB72A64210B00718138 /* Assets.xcassets */; };
		F4261EBB2A64210C00718138 /* LaunchScreen.storyboard in Resources */ = {isa = PBXBuildFile; fileRef = F4261EB92A64210C00718138 /* LaunchScreen.storyboard */; };
		F4261EC62A64210C00718138 /* MovieDBTests.swift in Sources */ = {isa = PBXBuildFile; fileRef = F4261EC52A64210C00718138 /* MovieDBTests.swift */; };
		F4261ED02A64210C00718138 /* MovieDBUITests.swift in Sources */ = {isa = PBXBuildFile; fileRef = F4261ECF2A64210C00718138 /* MovieDBUITests.swift */; };
		F4261ED22A64210C00718138 /* MovieDBUITestsLaunchTests.swift in Sources */ = {isa = PBXBuildFile; fileRef = F4261ED12A64210C00718138 /* MovieDBUITestsLaunchTests.swift */; };
/* End PBXBuildFile section */

/* Begin PBXContainerItemProxy section */
		F4261EC22A64210C00718138 /* PBXContainerItemProxy */ = {
			isa = PBXContainerItemProxy;
			containerPortal = F4261EA32A64210800718138 /* Project object */;
			proxyType = 1;
			remoteGlobalIDString = F4261EAA2A64210800718138;
			remoteInfo = MovieDB;
		};
		F4261ECC2A64210C00718138 /* PBXContainerItemProxy */ = {
			isa = PBXContainerItemProxy;
			containerPortal = F4261EA32A64210800718138 /* Project object */;
			proxyType = 1;
			remoteGlobalIDString = F4261EAA2A64210800718138;
			remoteInfo = MovieDB;
		};
/* End PBXContainerItemProxy section */

/* Begin PBXFileReference section */
		F4261EAB2A64210800718138 /* MovieDB.app */ = {isa = PBXFileReference; explicitFileType = wrapper.application; includeInIndex = 0; path = MovieDB.app; sourceTree = BUILT_PRODUCTS_DIR; };
		F4261EAE2A64210800718138 /* AppDelegate.swift */ = {isa = PBXFileReference; lastKnownFileType = sourcecode.swift; path = AppDelegate.swift; sourceTree = "<group>"; };
		F4261EB02A64210800718138 /* SceneDelegate.swift */ = {isa = PBXFileReference; lastKnownFileType = sourcecode.swift; path = SceneDelegate.swift; sourceTree = "<group>"; };
		F4261EB22A64210800718138 /* ViewController.swift */ = {isa = PBXFileReference; lastKnownFileType = sourcecode.swift; path = ViewController.swift; sourceTree = "<group>"; };
		F4261EB52A64210800718138 /* Base */ = {isa = PBXFileReference; lastKnownFileType = file.storyboard; name = Base; path = Base.lproj/Main.storyboard; sourceTree = "<group>"; };
		F4261EB72A64210B00718138 /* Assets.xcassets */ = {isa = PBXFileReference; lastKnownFileType = folder.assetcatalog; path = Assets.xcassets; sourceTree = "<group>"; };
		F4261EBA2A64210C00718138 /* Base */ = {isa = PBXFileReference; lastKnownFileType = file.storyboard; name = Base; path = Base.lproj/LaunchScreen.storyboard; sourceTree = "<group>"; };
		F4261EBC2A64210C00718138 /* Info.plist */ = {isa = PBXFileReference; lastKnownFileType = text.plist.xml; path = Info.plist; sourceTree = "<group>"; };
		F4261EC12A64210C00718138 /* MovieDBTests.xctest */ = {isa = PBXFileReference; explicitFileType = wrapper.cfbundle; includeInIndex = 0; path = MovieDBTests.xctest; sourceTree = BUILT_PRODUCTS_DIR; };
		F4261EC52A64210C00718138 /* MovieDBTests.swift */ = {isa = PBXFileReference; lastKnownFileType = sourcecode.swift; path = MovieDBTests.swift; sourceTree = "<group>"; };
		F4261ECB2A64210C00718138 /* MovieDBUITests.xctest */ = {isa = PBXFileReference; explicitFileType = wrapper.cfbundle; includeInIndex = 0; path = MovieDBUITests.xctest; sourceTree = BUILT_PRODUCTS_DIR; };
		F4261ECF2A64210C00718138 /* MovieDBUITests.swift */ = {isa = PBXFileReference; lastKnownFileType = sourcecode.swift; path = MovieDBUITests.swift; sourceTree = "<group>"; };
		F4261ED12A64210C00718138 /* MovieDBUITestsLaunchTests.swift */ = {isa = PBXFileReference; lastKnownFileType = sourcecode.swift; path = MovieDBUITestsLaunchTests.swift; sourceTree = "<group>"; };
/* End PBXFileReference section */

/* Begin PBXFrameworksBuildPhase section */
		F4261EA82A64210800718138 /* Frameworks */ = {
			isa = PBXFrameworksBuildPhase;
			buildActionMask = 2147483647;
			files = (
			);
			runOnlyForDeploymentPostprocessing = 0;
		};
		F4261EBE2A64210C00718138 /* Frameworks */ = {
			isa = PBXFrameworksBuildPhase;
			buildActionMask = 2147483647;
			files = (
			);
			runOnlyForDeploymentPostprocessing = 0;
		};
		F4261EC82A64210C00718138 /* Frameworks */ = {
			isa = PBXFrameworksBuildPhase;
			buildActionMask = 2147483647;
			files = (
			);
			runOnlyForDeploymentPostprocessing = 0;
		};
/* End PBXFrameworksBuildPhase section */

/* Begin PBXGroup section */
		F4261EA22A64210800718138 = {
			isa = PBXGroup;
			children = (
				F4261EAD2A64210800718138 /* MovieDB */,
				F4261EC42A64210C00718138 /* MovieDBTests */,
				F4261ECE2A64210C00718138 /* MovieDBUITests */,
				F4261EAC2A64210800718138 /* Products */,
			);
			sourceTree = "<group>";
		};
		F4261EAC2A64210800718138 /* Products */ = {
			isa = PBXGroup;
			children = (
				F4261EAB2A64210800718138 /* MovieDB.app */,
				F4261EC12A64210C00718138 /* MovieDBTests.xctest */,
				F4261ECB2A64210C00718138 /* MovieDBUITests.xctest */,
			);
			name = Products;
			sourceTree = "<group>";
		};
		F4261EAD2A64210800718138 /* MovieDB */ = {
			isa = PBXGroup;
			children = (
				F4261EAE2A64210800718138 /* AppDelegate.swift */,
				F4261EB02A64210800718138 /* SceneDelegate.swift */,
				F4261EB22A64210800718138 /* ViewController.swift */,
				F4261EB42A64210800718138 /* Main.storyboard */,
				F4261EB72A64210B00718138 /* Assets.xcassets */,
				F4261EB92A64210C00718138 /* LaunchScreen.storyboard */,
				F4261EBC2A64210C00718138 /* Info.plist */,
			);
			path = MovieDB;
			sourceTree = "<group>";
		};
		F4261EC42A64210C00718138 /* MovieDBTests */ = {
			isa = PBXGroup;
			children = (
				F4261EC52A64210C00718138 /* MovieDBTests.swift */,
			);
			path = MovieDBTests;
			sourceTree = "<group>";
		};
		F4261ECE2A64210C00718138 /* MovieDBUITests */ = {
			isa = PBXGroup;
			children = (
				F4261ECF2A64210C00718138 /* MovieDBUITests.swift */,
				F4261ED12A64210C00718138 /* MovieDBUITestsLaunchTests.swift */,
			);
			path = MovieDBUITests;
			sourceTree = "<group>";
		};
/* End PBXGroup section */

/* Begin PBXNativeTarget section */
		F4261EAA2A64210800718138 /* MovieDB */ = {
			isa = PBXNativeTarget;
			buildConfigurationList = F4261ED52A64210C00718138 /* Build configuration list for PBXNativeTarget "MovieDB" */;
			buildPhases = (
				F4261EA72A64210800718138 /* Sources */,
				F4261EA82A64210800718138 /* Frameworks */,
				F4261EA92A64210800718138 /* Resources */,
			);
			buildRules = (
			);
			dependencies = (
			);
			name = MovieDB;
			productName = MovieDB;
			productReference = F4261EAB2A64210800718138 /* MovieDB.app */;
			productType = "com.apple.product-type.application";
		};
		F4261EC02A64210C00718138 /* MovieDBTests */ = {
			isa = PBXNativeTarget;
			buildConfigurationList = F4261ED82A64210C00718138 /* Build configuration list for PBXNativeTarget "MovieDBTests" */;
			buildPhases = (
				F4261EBD2A64210C00718138 /* Sources */,
				F4261EBE2A64210C00718138 /* Frameworks */,
				F4261EBF2A64210C00718138 /* Resources */,
			);
			buildRules = (
			);
			dependencies = (
				F4261EC32A64210C00718138 /* PBXTargetDependency */,
			);
			name = MovieDBTests;
			productName = MovieDBTests;
			productReference = F4261EC12A64210C00718138 /* MovieDBTests.xctest */;
			productType = "com.apple.product-type.bundle.unit-test";
		};
		F4261ECA2A64210C00718138 /* MovieDBUITests */ = {
			isa = PBXNativeTarget;
			buildConfigurationList = F4261EDB2A64210C00718138 /* Build configuration list for PBXNativeTarget "MovieDBUITests" */;
			buildPhases = (
				F4261EC72A64210C00718138 /* Sources */,
				F4261EC82A64210C00718138 /* Frameworks */,
				F4261EC92A64210C00718138 /* Resources */,
			);
			buildRules = (
			);
			dependencies = (
				F4261ECD2A64210C00718138 /* PBXTargetDependency */,
			);
			name = MovieDBUITests;
			productName = MovieDBUITests;
			productReference = F4261ECB2A64210C00718138 /* MovieDBUITests.xctest */;
			productType = "com.apple.product-type.bundle.ui-testing";
		};
/* End PBXNativeTarget section */

/* Begin PBXProject section */
		F4261EA32A64210800718138 /* Project object */ = {
			isa = PBXProject;
			attributes = {
				BuildIndependentTargetsInParallel = 1;
				LastSwiftUpdateCheck = 1430;
				LastUpgradeCheck = 1430;
				TargetAttributes = {
					F4261EAA2A64210800718138 = {
						CreatedOnToolsVersion = 14.3;
					};
					F4261EC02A64210C00718138 = {
						CreatedOnToolsVersion = 14.3;
						TestTargetID = F4261EAA2A64210800718138;
					};
					F4261ECA2A64210C00718138 = {
						CreatedOnToolsVersion = 14.3;
						TestTargetID = F4261EAA2A64210800718138;
					};
				};
			};
			buildConfigurationList = F4261EA62A64210800718138 /* Build configuration list for PBXProject "MovieDB" */;
			compatibilityVersion = "Xcode 14.0";
			developmentRegion = en;
			hasScannedForEncodings = 0;
			knownRegions = (
				en,
				Base,
			);
			mainGroup = F4261EA22A64210800718138;
			productRefGroup = F4261EAC2A64210800718138 /* Products */;
			projectDirPath = "";
			projectRoot = "";
			targets = (
				F4261EAA2A64210800718138 /* MovieDB */,
				F4261EC02A64210C00718138 /* MovieDBTests */,
				F4261ECA2A64210C00718138 /* MovieDBUITests */,
			);
		};
/* End PBXProject section */

/* Begin PBXResourcesBuildPhase section */
		F4261EA92A64210800718138 /* Resources */ = {
			isa = PBXResourcesBuildPhase;
			buildActionMask = 2147483647;
			files = (
				F4261EBB2A64210C00718138 /* LaunchScreen.storyboard in Resources */,
				F4261EB82A64210B00718138 /* Assets.xcassets in Resources */,
				F4261EB62A64210800718138 /* Main.storyboard in Resources */,
			);
			runOnlyForDeploymentPostprocessing = 0;
		};
		F4261EBF2A64210C00718138 /* Resources */ = {
			isa = PBXResourcesBuildPhase;
			buildActionMask = 2147483647;
			files = (
			);
			runOnlyForDeploymentPostprocessing = 0;
		};
		F4261EC92A64210C00718138 /* Resources */ = {
			isa = PBXResourcesBuildPhase;
			buildActionMask = 2147483647;
			files = (
			);
			runOnlyForDeploymentPostprocessing = 0;
		};
/* End PBXResourcesBuildPhase section */

/* Begin PBXSourcesBuildPhase section */
		F4261EA72A64210800718138 /* Sources */ = {
			isa = PBXSourcesBuildPhase;
			buildActionMask = 2147483647;
			files = (
				F4261EB32A64210800718138 /* ViewController.swift in Sources */,
				F4261EAF2A64210800718138 /* AppDelegate.swift in Sources */,
				F4261EB12A64210800718138 /* SceneDelegate.swift in Sources */,
			);
			runOnlyForDeploymentPostprocessing = 0;
		};
		F4261EBD2A64210C00718138 /* Sources */ = {
			isa = PBXSourcesBuildPhase;
			buildActionMask = 2147483647;
			files = (
				F4261EC62A64210C00718138 /* MovieDBTests.swift in Sources */,
			);
			runOnlyForDeploymentPostprocessing = 0;
		};
		F4261EC72A64210C00718138 /* Sources */ = {
			isa = PBXSourcesBuildPhase;
			buildActionMask = 2147483647;
			files = (
				F4261ED02A64210C00718138 /* MovieDBUITests.swift in Sources */,
				F4261ED22A64210C00718138 /* MovieDBUITestsLaunchTests.swift in Sources */,
			);
			runOnlyForDeploymentPostprocessing = 0;
		};
/* End PBXSourcesBuildPhase section */

/* Begin PBXTargetDependency section */
		F4261EC32A64210C00718138 /* PBXTargetDependency */ = {
			isa = PBXTargetDependency;
			target = F4261EAA2A64210800718138 /* MovieDB */;
			targetProxy = F4261EC22A64210C00718138 /* PBXContainerItemProxy */;
		};
		F4261ECD2A64210C00718138 /* PBXTargetDependency */ = {
			isa = PBXTargetDependency;
			target = F4261EAA2A64210800718138 /* MovieDB */;
			targetProxy = F4261ECC2A64210C00718138 /* PBXContainerItemProxy */;
		};
/* End PBXTargetDependency section */

/* Begin PBXVariantGroup section */
		F4261EB42A64210800718138 /* Main.storyboard */ = {
			isa = PBXVariantGroup;
			children = (
				F4261EB52A64210800718138 /* Base */,
			);
			name = Main.storyboard;
			sourceTree = "<group>";
		};
		F4261EB92A64210C00718138 /* LaunchScreen.storyboard */ = {
			isa = PBXVariantGroup;
			children = (
				F4261EBA2A64210C00718138 /* Base */,
			);
			name = LaunchScreen.storyboard;
			sourceTree = "<group>";
		};
/* End PBXVariantGroup section */

/* Begin XCBuildConfiguration section */
		F4261ED32A64210C00718138 /* Debug */ = {
			isa = XCBuildConfiguration;
			buildSettings = {
				ALWAYS_SEARCH_USER_PATHS = NO;
				CLANG_ANALYZER_NONNULL = YES;
				CLANG_ANALYZER_NUMBER_OBJECT_CONVERSION = YES_AGGRESSIVE;
				CLANG_CXX_LANGUAGE_STANDARD = "gnu++20";
				CLANG_ENABLE_MODULES = YES;
				CLANG_ENABLE_OBJC_ARC = YES;
				CLANG_ENABLE_OBJC_WEAK = YES;
				CLANG_WARN_BLOCK_CAPTURE_AUTORELEASING = YES;
				CLANG_WARN_BOOL_CONVERSION = YES;
				CLANG_WARN_COMMA = YES;
				CLANG_WARN_CONSTANT_CONVERSION = YES;
				CLANG_WARN_DEPRECATED_OBJC_IMPLEMENTATIONS = YES;
				CLANG_WARN_DIRECT_OBJC_ISA_USAGE = YES_ERROR;
				CLANG_WARN_DOCUMENTATION_COMMENTS = YES;
				CLANG_WARN_EMPTY_BODY = YES;
				CLANG_WARN_ENUM_CONVERSION = YES;
				CLANG_WARN_INFINITE_RECURSION = YES;
				CLANG_WARN_INT_CONVERSION = YES;
				CLANG_WARN_NON_LITERAL_NULL_CONVERSION = YES;
				CLANG_WARN_OBJC_IMPLICIT_RETAIN_SELF = YES;
				CLANG_WARN_OBJC_LITERAL_CONVERSION = YES;
				CLANG_WARN_OBJC_ROOT_CLASS = YES_ERROR;
				CLANG_WARN_QUOTED_INCLUDE_IN_FRAMEWORK_HEADER = YES;
				CLANG_WARN_RANGE_LOOP_ANALYSIS = YES;
				CLANG_WARN_STRICT_PROTOTYPES = YES;
				CLANG_WARN_SUSPICIOUS_MOVE = YES;
				CLANG_WARN_UNGUARDED_AVAILABILITY = YES_AGGRESSIVE;
				CLANG_WARN_UNREACHABLE_CODE = YES;
				CLANG_WARN__DUPLICATE_METHOD_MATCH = YES;
				COPY_PHASE_STRIP = NO;
				DEBUG_INFORMATION_FORMAT = dwarf;
				ENABLE_STRICT_OBJC_MSGSEND = YES;
				ENABLE_TESTABILITY = YES;
				GCC_C_LANGUAGE_STANDARD = gnu11;
				GCC_DYNAMIC_NO_PIC = NO;
				GCC_NO_COMMON_BLOCKS = YES;
				GCC_OPTIMIZATION_LEVEL = 0;
				GCC_PREPROCESSOR_DEFINITIONS = (
					"DEBUG=1",
					"$(inherited)",
				);
				GCC_WARN_64_TO_32_BIT_CONVERSION = YES;
				GCC_WARN_ABOUT_RETURN_TYPE = YES_ERROR;
				GCC_WARN_UNDECLARED_SELECTOR = YES;
				GCC_WARN_UNINITIALIZED_AUTOS = YES_AGGRESSIVE;
				GCC_WARN_UNUSED_FUNCTION = YES;
				GCC_WARN_UNUSED_VARIABLE = YES;
				IPHONEOS_DEPLOYMENT_TARGET = 16.4;
				MTL_ENABLE_DEBUG_INFO = INCLUDE_SOURCE;
				MTL_FAST_MATH = YES;
				ONLY_ACTIVE_ARCH = YES;
				SDKROOT = iphoneos;
				SWIFT_ACTIVE_COMPILATION_CONDITIONS = DEBUG;
				SWIFT_OPTIMIZATION_LEVEL = "-Onone";
			};
			name = Debug;
		};
		F4261ED42A64210C00718138 /* Release */ = {
			isa = XCBuildConfiguration;
			buildSettings = {
				ALWAYS_SEARCH_USER_PATHS = NO;
				CLANG_ANALYZER_NONNULL = YES;
				CLANG_ANALYZER_NUMBER_OBJECT_CONVERSION = YES_AGGRESSIVE;
				CLANG_CXX_LANGUAGE_STANDARD = "gnu++20";
				CLANG_ENABLE_MODULES = YES;
				CLANG_ENABLE_OBJC_ARC = YES;
				CLANG_ENABLE_OBJC_WEAK = YES;
				CLANG_WARN_BLOCK_CAPTURE_AUTORELEASING = YES;
				CLANG_WARN_BOOL_CONVERSION = YES;
				CLANG_WARN_COMMA = YES;
				CLANG_WARN_CONSTANT_CONVERSION = YES;
				CLANG_WARN_DEPRECATED_OBJC_IMPLEMENTATIONS = YES;
				CLANG_WARN_DIRECT_OBJC_ISA_USAGE = YES_ERROR;
				CLANG_WARN_DOCUMENTATION_COMMENTS = YES;
				CLANG_WARN_EMPTY_BODY = YES;
				CLANG_WARN_ENUM_CONVERSION = YES;
				CLANG_WARN_INFINITE_RECURSION = YES;
				CLANG_WARN_INT_CONVERSION = YES;
				CLANG_WARN_NON_LITERAL_NULL_CONVERSION = YES;
				CLANG_WARN_OBJC_IMPLICIT_RETAIN_SELF = YES;
				CLANG_WARN_OBJC_LITERAL_CONVERSION = YES;
				CLANG_WARN_OBJC_ROOT_CLASS = YES_ERROR;
				CLANG_WARN_QUOTED_INCLUDE_IN_FRAMEWORK_HEADER = YES;
				CLANG_WARN_RANGE_LOOP_ANALYSIS = YES;
				CLANG_WARN_STRICT_PROTOTYPES = YES;
				CLANG_WARN_SUSPICIOUS_MOVE = YES;
				CLANG_WARN_UNGUARDED_AVAILABILITY = YES_AGGRESSIVE;
				CLANG_WARN_UNREACHABLE_CODE = YES;
				CLANG_WARN__DUPLICATE_METHOD_MATCH = YES;
				COPY_PHASE_STRIP = NO;
				DEBUG_INFORMATION_FORMAT = "dwarf-with-dsym";
				ENABLE_NS_ASSERTIONS = NO;
				ENABLE_STRICT_OBJC_MSGSEND = YES;
				GCC_C_LANGUAGE_STANDARD = gnu11;
				GCC_NO_COMMON_BLOCKS = YES;
				GCC_WARN_64_TO_32_BIT_CONVERSION = YES;
				GCC_WARN_ABOUT_RETURN_TYPE = YES_ERROR;
				GCC_WARN_UNDECLARED_SELECTOR = YES;
				GCC_WARN_UNINITIALIZED_AUTOS = YES_AGGRESSIVE;
				GCC_WARN_UNUSED_FUNCTION = YES;
				GCC_WARN_UNUSED_VARIABLE = YES;
				IPHONEOS_DEPLOYMENT_TARGET = 16.4;
				MTL_ENABLE_DEBUG_INFO = NO;
				MTL_FAST_MATH = YES;
				SDKROOT = iphoneos;
				SWIFT_COMPILATION_MODE = wholemodule;
				SWIFT_OPTIMIZATION_LEVEL = "-O";
				VALIDATE_PRODUCT = YES;
			};
			name = Release;
		};
		F4261ED62A64210C00718138 /* Debug */ = {
			isa = XCBuildConfiguration;
			buildSettings = {
				ASSETCATALOG_COMPILER_APPICON_NAME = AppIcon;
				ASSETCATALOG_COMPILER_GLOBAL_ACCENT_COLOR_NAME = AccentColor;
				CODE_SIGN_STYLE = Automatic;
				CURRENT_PROJECT_VERSION = 1;
				DEVELOPMENT_TEAM = 54LBDS3ZS9;
				GENERATE_INFOPLIST_FILE = YES;
				INFOPLIST_FILE = MovieDB/Info.plist;
				INFOPLIST_KEY_UIApplicationSupportsIndirectInputEvents = YES;
				INFOPLIST_KEY_UILaunchStoryboardName = LaunchScreen;
				INFOPLIST_KEY_UIMainStoryboardFile = Main;
				INFOPLIST_KEY_UISupportedInterfaceOrientations_iPad = "UIInterfaceOrientationPortrait UIInterfaceOrientationPortraitUpsideDown UIInterfaceOrientationLandscapeLeft UIInterfaceOrientationLandscapeRight";
				INFOPLIST_KEY_UISupportedInterfaceOrientations_iPhone = "UIInterfaceOrientationPortrait UIInterfaceOrientationLandscapeLeft UIInterfaceOrientationLandscapeRight";
				LD_RUNPATH_SEARCH_PATHS = (
					"$(inherited)",
					"@executable_path/Frameworks",
				);
				MARKETING_VERSION = 1.0;
				PRODUCT_BUNDLE_IDENTIFIER = com.carlos.movie.MovieDB;
				PRODUCT_NAME = "$(TARGET_NAME)";
				SWIFT_EMIT_LOC_STRINGS = YES;
				SWIFT_VERSION = 5.0;
				TARGETED_DEVICE_FAMILY = "1,2";
			};
			name = Debug;
		};
		F4261ED72A64210C00718138 /* Release */ = {
			isa = XCBuildConfiguration;
			buildSettings = {
				ASSETCATALOG_COMPILER_APPICON_NAME = AppIcon;
				ASSETCATALOG_COMPILER_GLOBAL_ACCENT_COLOR_NAME = AccentColor;
				CODE_SIGN_STYLE = Automatic;
				CURRENT_PROJECT_VERSION = 1;
				DEVELOPMENT_TEAM = 54LBDS3ZS9;
				GENERATE_INFOPLIST_FILE = YES;
				INFOPLIST_FILE = MovieDB/Info.plist;
				INFOPLIST_KEY_UIApplicationSupportsIndirectInputEvents = YES;
				INFOPLIST_KEY_UILaunchStoryboardName = LaunchScreen;
				INFOPLIST_KEY_UIMainStoryboardFile = Main;
				INFOPLIST_KEY_UISupportedInterfaceOrientations_iPad = "UIInterfaceOrientationPortrait UIInterfaceOrientationPortraitUpsideDown UIInterfaceOrientationLandscapeLeft UIInterfaceOrientationLandscapeRight";
				INFOPLIST_KEY_UISupportedInterfaceOrientations_iPhone = "UIInterfaceOrientationPortrait UIInterfaceOrientationLandscapeLeft UIInterfaceOrientationLandscapeRight";
				LD_RUNPATH_SEARCH_PATHS = (
					"$(inherited)",
					"@executable_path/Frameworks",
				);
				MARKETING_VERSION = 1.0;
				PRODUCT_BUNDLE_IDENTIFIER = com.carlos.movie.MovieDB;
				PRODUCT_NAME = "$(TARGET_NAME)";
				SWIFT_EMIT_LOC_STRINGS = YES;
				SWIFT_VERSION = 5.0;
				TARGETED_DEVICE_FAMILY = "1,2";
			};
			name = Release;
		};
		F4261ED92A64210C00718138 /* Debug */ = {
			isa = XCBuildConfiguration;
			buildSettings = {
				ALWAYS_EMBED_SWIFT_STANDARD_LIBRARIES = YES;
				BUNDLE_LOADER = "$(TEST_HOST)";
				CODE_SIGN_STYLE = Automatic;
				CURRENT_PROJECT_VERSION = 1;
				DEVELOPMENT_TEAM = 54LBDS3ZS9;
				GENERATE_INFOPLIST_FILE = YES;
				IPHONEOS_DEPLOYMENT_TARGET = 16.4;
				MARKETING_VERSION = 1.0;
				PRODUCT_BUNDLE_IDENTIFIER = com.carlos.movie.MovieDBTests;
				PRODUCT_NAME = "$(TARGET_NAME)";
				SWIFT_EMIT_LOC_STRINGS = NO;
				SWIFT_VERSION = 5.0;
				TARGETED_DEVICE_FAMILY = "1,2";
				TEST_HOST = "$(BUILT_PRODUCTS_DIR)/MovieDB.app/$(BUNDLE_EXECUTABLE_FOLDER_PATH)/MovieDB";
			};
			name = Debug;
		};
		F4261EDA2A64210C00718138 /* Release */ = {
			isa = XCBuildConfiguration;
			buildSettings = {
				ALWAYS_EMBED_SWIFT_STANDARD_LIBRARIES = YES;
				BUNDLE_LOADER = "$(TEST_HOST)";
				CODE_SIGN_STYLE = Automatic;
				CURRENT_PROJECT_VERSION = 1;
				DEVELOPMENT_TEAM = 54LBDS3ZS9;
				GENERATE_INFOPLIST_FILE = YES;
				IPHONEOS_DEPLOYMENT_TARGET = 16.4;
				MARKETING_VERSION = 1.0;
				PRODUCT_BUNDLE_IDENTIFIER = com.carlos.movie.MovieDBTests;
				PRODUCT_NAME = "$(TARGET_NAME)";
				SWIFT_EMIT_LOC_STRINGS = NO;
				SWIFT_VERSION = 5.0;
				TARGETED_DEVICE_FAMILY = "1,2";
				TEST_HOST = "$(BUILT_PRODUCTS_DIR)/MovieDB.app/$(BUNDLE_EXECUTABLE_FOLDER_PATH)/MovieDB";
			};
			name = Release;
		};
		F4261EDC2A64210C00718138 /* Debug */ = {
			isa = XCBuildConfiguration;
			buildSettings = {
				ALWAYS_EMBED_SWIFT_STANDARD_LIBRARIES = YES;
				CODE_SIGN_STYLE = Automatic;
				CURRENT_PROJECT_VERSION = 1;
				DEVELOPMENT_TEAM = 54LBDS3ZS9;
				GENERATE_INFOPLIST_FILE = YES;
				MARKETING_VERSION = 1.0;
				PRODUCT_BUNDLE_IDENTIFIER = com.carlos.movie.MovieDBUITests;
				PRODUCT_NAME = "$(TARGET_NAME)";
				SWIFT_EMIT_LOC_STRINGS = NO;
				SWIFT_VERSION = 5.0;
				TARGETED_DEVICE_FAMILY = "1,2";
				TEST_TARGET_NAME = MovieDB;
			};
			name = Debug;
		};
		F4261EDD2A64210C00718138 /* Release */ = {
			isa = XCBuildConfiguration;
			buildSettings = {
				ALWAYS_EMBED_SWIFT_STANDARD_LIBRARIES = YES;
				CODE_SIGN_STYLE = Automatic;
				CURRENT_PROJECT_VERSION = 1;
				DEVELOPMENT_TEAM = 54LBDS3ZS9;
				GENERATE_INFOPLIST_FILE = YES;
				MARKETING_VERSION = 1.0;
				PRODUCT_BUNDLE_IDENTIFIER = com.carlos.movie.MovieDBUITests;
				PRODUCT_NAME = "$(TARGET_NAME)";
				SWIFT_EMIT_LOC_STRINGS = NO;
				SWIFT_VERSION = 5.0;
				TARGETED_DEVICE_FAMILY = "1,2";
				TEST_TARGET_NAME = MovieDB;
			};
			name = Release;
		};
/* End XCBuildConfiguration section */

/* Begin XCConfigurationList section */
		F4261EA62A64210800718138 /* Build configuration list for PBXProject "MovieDB" */ = {
			isa = XCConfigurationList;
			buildConfigurations = (
				F4261ED32A64210C00718138 /* Debug */,
				F4261ED42A64210C00718138 /* Release */,
			);
			defaultConfigurationIsVisible = 0;
			defaultConfigurationName = Release;
		};
		F4261ED52A64210C00718138 /* Build configuration list for PBXNativeTarget "MovieDB" */ = {
			isa = XCConfigurationList;
			buildConfigurations = (
				F4261ED62A64210C00718138 /* Debug */,
				F4261ED72A64210C00718138 /* Release */,
			);
			defaultConfigurationIsVisible = 0;
			defaultConfigurationName = Release;
		};
		F4261ED82A64210C00718138 /* Build configuration list for PBXNativeTarget "MovieDBTests" */ = {
			isa = XCConfigurationList;
			buildConfigurations = (
				F4261ED92A64210C00718138 /* Debug */,
				F4261EDA2A64210C00718138 /* Release */,
			);
			defaultConfigurationIsVisible = 0;
			defaultConfigurationName = Release;
		};
		F4261EDB2A64210C00718138 /* Build configuration list for PBXNativeTarget "MovieDBUITests" */ = {
			isa = XCConfigurationList;
			buildConfigurations = (
				F4261EDC2A64210C00718138 /* Debug */,
				F4261EDD2A64210C00718138 /* Release */,
			);
			defaultConfigurationIsVisible = 0;
			defaultConfigurationName = Release;
		};
/* End XCConfigurationList section */
	};
	rootObject = F4261EA32A64210800718138 /* Project object */;
}
